PODS:
  - CocoaLumberjack (3.6.0):
    - CocoaLumberjack/Core (= 3.6.0)
  - CocoaLumberjack/Core (3.6.0)
  - LWLogger (1.0.0):
    - CocoaLumberjack (~> 3.6.0)
    - SSZipArchive
  - SSZipArchive (2.2.2)

DEPENDENCIES:
  - CocoaLumberjack (~> 3.6.0)
  - LWLogger (from `../`)
  - SSZipArchive

SPEC REPOS:
  trunk:
    - CocoaLumberjack
    - SSZipArchive

EXTERNAL SOURCES:
  LWLogger:
    :path: "../"

SPEC CHECKSUMS:
  CocoaLumberjack: 78b0c238666f4f58db069738ec176f4519557516
  LWLogger: 3996335a9637180425633e4485f1d657063bc769
  SSZipArchive: fa16b8cc4cdeceb698e5e5d9f67e9558532fbf23

PODFILE CHECKSUM: 607d9650cecd8e90800c43ed5aed354ff2278b32

COCOAPODS: 1.9.2
