PODS:
  - CocoaLumberjack (3.6.0):
    - CocoaLumberjack/Core (= 3.6.0)
  - CocoaLumberjack/Core (3.6.0)
  - LWLogger (1.0.0):
    - CocoaLumberjack (~> 3.6.0)
    - SSZipArchive
  - SSZipArchive (2.2.2)

DEPENDENCIES:
  - CocoaLumberjack (~> 3.6.0)
  - LWLogger (from `../`)
  - SSZipArchive

SPEC REPOS:
  trunk:
    - CocoaLumberjack
    - SSZipArchive

EXTERNAL SOURCES:
  LWLogger:
    :path: "../"

SPEC CHECKSUMS:
  CocoaLumberjack: 78b0c238666f4f58db069738ec176f4519557516
  LWLogger: 00df89d4f07757f7c89ba697b66d0741b0bd3b4e
  SSZipArchive: fa16b8cc4cdeceb698e5e5d9f67e9558532fbf23

PODFILE CHECKSUM: b1baed8c3577ca82a9306ec179c5d281748e884b

COCOAPODS: 1.9.2
