// !$*UTF8*$!
{
	archiveVersion = 1;
	classes = {
	};
	objectVersion = 46;
	objects = {

/* Begin PBXBuildFile section */
		0160E3466E824A4E89081324E7933987 /* mztools.h in Headers */ = {isa = PBXBuildFile; fileRef = E986F66D2AF69EC05B61CA3AFE11F895 /* mztools.h */; settings = {ATTRIBUTES = (Project, ); }; };
		02ECC49E0251EB90C6261915A3123254 /* Foundation.framework in Frameworks */ = {isa = PBXBuildFile; fileRef = 9FCBDEF5AB66FC6DBA5610EEFEC8F379 /* Foundation.framework */; };
		08D54B51A9700B1868E00A9357F93B53 /* DDFileLogger+Buffering.h in Headers */ = {isa = PBXBuildFile; fileRef = CA66DA0E9EBD8CCC9C5978218E6BD75A /* DDFileLogger+Buffering.h */; settings = {ATTRIBUTES = (Public, ); }; };
		101465200B9E75566717D74C47C8C23C /* CocoaLumberjack-umbrella.h in Headers */ = {isa = PBXBuildFile; fileRef = 4766265732752C23EB3C49E4F36C4A0B /* CocoaLumberjack-umbrella.h */; settings = {ATTRIBUTES = (Public, ); }; };
		12603BCEDA5A04703EFCB64CD081D05C /* skpsmtpmessage-umbrella.h in Headers */ = {isa = PBXBuildFile; fileRef = EEDF1840A41FEA52541C937AD87428B8 /* skpsmtpmessage-umbrella.h */; settings = {ATTRIBUTES = (Public, ); }; };
		1958586D4C72E9FFB6FCC5A0A8F99CCB /* ioapi.c in Sources */ = {isa = PBXBuildFile; fileRef = AEDF596E8B1BF82F0CEAC272E32B78F7 /* ioapi.c */; settings = {COMPILER_FLAGS = "-Dunix -fno-objc-arc"; }; };
		1C69814D109D97A28881862F99829B26 /* CLIColor.m in Sources */ = {isa = PBXBuildFile; fileRef = 3B0ED176DFD7FB2A52EA95D086B1BC7B /* CLIColor.m */; };
		1E5FC03AB655B293292387CEAC5BF90F /* ZipArchive.h in Headers */ = {isa = PBXBuildFile; fileRef = E194FE3E75D6E4613C8755753D8194D7 /* ZipArchive.h */; settings = {ATTRIBUTES = (Public, ); }; };
		2020EAE32CF40084F178EE046A3BF91F /* Foundation.framework in Frameworks */ = {isa = PBXBuildFile; fileRef = 9FCBDEF5AB66FC6DBA5610EEFEC8F379 /* Foundation.framework */; };
		20BEF4F4AE5CF4B1EEB2612DB9B95F77 /* ZipArchive-dummy.m in Sources */ = {isa = PBXBuildFile; fileRef = 409FAC4E15156255B6F1087669BB929A /* ZipArchive-dummy.m */; };
		20D0F3210EC338BAD22EF28EEDADB465 /* DDLogMacros.h in Headers */ = {isa = PBXBuildFile; fileRef = E96DAE3D8655FD5D1827E287C6818ABE /* DDLogMacros.h */; settings = {ATTRIBUTES = (Public, ); }; };
		217EC8F4F64D5A5FF2935104DF496C5A /* ioapi.h in Headers */ = {isa = PBXBuildFile; fileRef = 46F323F3B099E7DAE98979D28292F7ED /* ioapi.h */; settings = {ATTRIBUTES = (Project, ); }; };
		23176EF29E146805F2EBC3A6BEA50557 /* LWLogUtil.h in Headers */ = {isa = PBXBuildFile; fileRef = DA09B1C0FA0040F95E9C4C7771B01EC8 /* LWLogUtil.h */; settings = {ATTRIBUTES = (Public, ); }; };
		24FBFCD104EB64FDABADC749815E1F17 /* NSData+Base64Additions.m in Sources */ = {isa = PBXBuildFile; fileRef = D8E88EC940339312F976003DE024FF85 /* NSData+Base64Additions.m */; settings = {COMPILER_FLAGS = "-fno-objc-arc"; }; };
		29A3C9590DBF6A456BE1FA373E225C65 /* NSStream+SKPSMTPExtensions.m in Sources */ = {isa = PBXBuildFile; fileRef = 1AFD67948F308AD0BFE1DD1E6D95FCFC /* NSStream+SKPSMTPExtensions.m */; settings = {COMPILER_FLAGS = "-fno-objc-arc"; }; };
		3856C641F6479CF87DA45E7CD83D2520 /* Foundation.framework in Frameworks */ = {isa = PBXBuildFile; fileRef = 9FCBDEF5AB66FC6DBA5610EEFEC8F379 /* Foundation.framework */; };
		3935CB7F70E5BA108A8F51C37757187F /* HSK_CFUtilities.h in Headers */ = {isa = PBXBuildFile; fileRef = E07667B91AD15DD4751E6EA4D02BA1C1 /* HSK_CFUtilities.h */; settings = {ATTRIBUTES = (Public, ); }; };
		3AE33091F307BBC7628A5D1191F0EA06 /* Pods-LWLogger_Example-umbrella.h in Headers */ = {isa = PBXBuildFile; fileRef = FC99CEB7F84E2E170BBA8FA11CCF090C /* Pods-LWLogger_Example-umbrella.h */; settings = {ATTRIBUTES = (Public, ); }; };
		3E7ABBBD41788B7C28A8B0DF05FB9502 /* DDLegacyMacros.h in Headers */ = {isa = PBXBuildFile; fileRef = 3D5736701F41C934AF3905B812A51020 /* DDLegacyMacros.h */; settings = {ATTRIBUTES = (Public, ); }; };
		3EFB8F7DD73F9DD10EF4C7355E6E06F9 /* DDFileLogger+Internal.h in Headers */ = {isa = PBXBuildFile; fileRef = 57E137AC3702F3B4A7DDC166105C3B81 /* DDFileLogger+Internal.h */; settings = {ATTRIBUTES = (Private, ); }; };
		3F31A4353BE194E814618851968DC0FC /* LWLogger.h in Headers */ = {isa = PBXBuildFile; fileRef = E4A8E5AFAFF339AEC841E3795EE1BF90 /* LWLogger.h */; settings = {ATTRIBUTES = (Public, ); }; };
		415C68747EA309DA188D39157DA55455 /* DDAbstractDatabaseLogger.h in Headers */ = {isa = PBXBuildFile; fileRef = 88A84E2D65C840E741BF69A606F333C8 /* DDAbstractDatabaseLogger.h */; settings = {ATTRIBUTES = (Public, ); }; };
		4342DE62B479BFE98747D7F72C09629C /* LWLogUtil.m in Sources */ = {isa = PBXBuildFile; fileRef = 156FECC45953C5B690E5D78A60D8D01C /* LWLogUtil.m */; };
		43601DAA266A0A83F75A00F8B2FD0DAD /* DDDispatchQueueLogFormatter.m in Sources */ = {isa = PBXBuildFile; fileRef = BCF1AF052E83C80575B4B501A3EC65EB /* DDDispatchQueueLogFormatter.m */; };
		45D702CE4EF5F4F03C0AB3B68994CADE /* HSK_CFUtilities.m in Sources */ = {isa = PBXBuildFile; fileRef = 041E6DBDBC48B618602B5A23B06F031A /* HSK_CFUtilities.m */; settings = {COMPILER_FLAGS = "-fno-objc-arc"; }; };
		4689FF1A52E44A588902C0B0BBA8DCDB /* skpsmtpmessage.framework in Frameworks */ = {isa = PBXBuildFile; fileRef = D9032EF2482D2393F677810DA66DED4F /* skpsmtpmessage.framework */; };
		4E7CA7D22B0F31014C4910E199FF5B57 /* DDLog.h in Headers */ = {isa = PBXBuildFile; fileRef = 447016DB621F9FD0F1DF3913AE63F0DD /* DDLog.h */; settings = {ATTRIBUTES = (Public, ); }; };
		579B9CA6D39E78453FA3144E25F7184A /* DDTTYLogger.h in Headers */ = {isa = PBXBuildFile; fileRef = 4681F25E0AA86EA8D43BE23B1804E136 /* DDTTYLogger.h */; settings = {ATTRIBUTES = (Public, ); }; };
		60B568966AF6F5F42356857D61ED4F59 /* DDAssertMacros.h in Headers */ = {isa = PBXBuildFile; fileRef = C4D1159F1952E566D8A3368F43CE0DC0 /* DDAssertMacros.h */; settings = {ATTRIBUTES = (Public, ); }; };
		62369DF94B2AE2C87F34A6AE146EA8F3 /* SKPSMTPMessage.h in Headers */ = {isa = PBXBuildFile; fileRef = 841B4537A8A6A6FEE9F3B6B38647B687 /* SKPSMTPMessage.h */; settings = {ATTRIBUTES = (Public, ); }; };
		6762B04FA40B7DFD2944C7A828E2EFAA /* unzip.h in Headers */ = {isa = PBXBuildFile; fileRef = D1F3826C7A09276DDD52F286C8DA7326 /* unzip.h */; settings = {ATTRIBUTES = (Project, ); }; };
		6A0860D095B6B1F8D07A3D3BF8F907B7 /* CocoaLumberjack.framework in Frameworks */ = {isa = PBXBuildFile; fileRef = 4532E9D0358F7266748E0684506761C1 /* CocoaLumberjack.framework */; };
		6A6A21A67B5030BDA62154C88FFC3B22 /* zip.c in Sources */ = {isa = PBXBuildFile; fileRef = 54C0D0B5B3B41ADF87E6B15E5B740B72 /* zip.c */; settings = {COMPILER_FLAGS = "-Dunix -fno-objc-arc"; }; };
		6A8847BCAA82563ADE73A27DF722664D /* DDLog+LOGV.h in Headers */ = {isa = PBXBuildFile; fileRef = 73EE6080B70B6F8B485F7D357D9E6623 /* DDLog+LOGV.h */; settings = {ATTRIBUTES = (Public, ); }; };
		6FF1A90BD4E6B825FD6A05D400E80DDA /* DDLoggerNames.h in Headers */ = {isa = PBXBuildFile; fileRef = 13A5807F87AAAF59993E84FFAEFFBCCC /* DDLoggerNames.h */; settings = {ATTRIBUTES = (Public, ); }; };
		77BAF52973EDCED65930ECC9CA457909 /* DDFileLogger.m in Sources */ = {isa = PBXBuildFile; fileRef = 9F45D13C66D95F29F5D7015EEC729E04 /* DDFileLogger.m */; };
		7967FD59CDA64B71214B2B7086A2D826 /* DDASLLogCapture.m in Sources */ = {isa = PBXBuildFile; fileRef = 94A5E9B2CEE110207EEA20EAE71CD642 /* DDASLLogCapture.m */; };
		7E9CBBBCCF63562059972A93C224F804 /* DDTTYLogger.m in Sources */ = {isa = PBXBuildFile; fileRef = 7E423A45817C8C70EEB795CDD0AB4CC5 /* DDTTYLogger.m */; };
		87386B6CE13C54F32CC29CD63B858270 /* DDContextFilterLogFormatter.h in Headers */ = {isa = PBXBuildFile; fileRef = CB979654717D65B6756BFC050530DBAA /* DDContextFilterLogFormatter.h */; settings = {ATTRIBUTES = (Public, ); }; };
		8E7B36F1A58281FCAB4CEFC322875870 /* skpsmtpmessage-dummy.m in Sources */ = {isa = PBXBuildFile; fileRef = 9AA302B23FEFB9514A17F9450D083B7E /* skpsmtpmessage-dummy.m */; };
		90803C6B01AA6D56644890CD98176862 /* crypt.h in Headers */ = {isa = PBXBuildFile; fileRef = 8426AF8D75D665B0B3A319E0C4FC8E53 /* crypt.h */; settings = {ATTRIBUTES = (Project, ); }; };
		95C4DFEF31D9F987088346B390A16C9F /* DDASLLogCapture.h in Headers */ = {isa = PBXBuildFile; fileRef = 24F05BC561ACBCA5B63881BDD3877AC7 /* DDASLLogCapture.h */; settings = {ATTRIBUTES = (Public, ); }; };
		9ADA3B2FA67C7F93CBF355E9F342DCAD /* NSData+Base64Additions.h in Headers */ = {isa = PBXBuildFile; fileRef = 27D9488CA15B9252A3CEBEEF51890499 /* NSData+Base64Additions.h */; settings = {ATTRIBUTES = (Public, ); }; };
		9C1453EEE3A66B65CC5D626C52588758 /* mztools.c in Sources */ = {isa = PBXBuildFile; fileRef = 5A4E064F56C4F3FA1342B89D4069F4FF /* mztools.c */; settings = {COMPILER_FLAGS = "-Dunix -fno-objc-arc"; }; };
		9D64946B73901B783770885B34728DA2 /* DDOSLogger.m in Sources */ = {isa = PBXBuildFile; fileRef = ACED3B0E2B3F3074FB24969D37EC2495 /* DDOSLogger.m */; };
		9E435C2626BBBA951832280C353E6FB8 /* LWLogger-umbrella.h in Headers */ = {isa = PBXBuildFile; fileRef = 9E06F42FFB803FA1750F4996DF80AA93 /* LWLogger-umbrella.h */; settings = {ATTRIBUTES = (Public, ); }; };
		A7926C116969A6DBFBAA520AFC697C46 /* CLIColor.h in Headers */ = {isa = PBXBuildFile; fileRef = 1D55BC4CF7499B15AA43CAD56B40C685 /* CLIColor.h */; settings = {ATTRIBUTES = (Public, ); }; };
		AE0ED5B6D0F3DFCF48EF51C98745D165 /* ZipArchive.framework in Frameworks */ = {isa = PBXBuildFile; fileRef = 6B752F2E1708A0E1046795FDE6E6987A /* ZipArchive.framework */; };
		B09F7493D2F7AF2596EE81511AFF6963 /* DDMultiFormatter.h in Headers */ = {isa = PBXBuildFile; fileRef = DDB02EC5C0A305D7BCFBB7B3299BBFAA /* DDMultiFormatter.h */; settings = {ATTRIBUTES = (Public, ); }; };
		B6339A6886F35C46786C8743064A7893 /* DDMultiFormatter.m in Sources */ = {isa = PBXBuildFile; fileRef = 020F90E51D9B27213B78761E2CE38497 /* DDMultiFormatter.m */; };
		B98CA903993FE413E712E7A52770FA2C /* DDDispatchQueueLogFormatter.h in Headers */ = {isa = PBXBuildFile; fileRef = 0BE2AF96E4F7695B3EDA176D77F0C11D /* DDDispatchQueueLogFormatter.h */; settings = {ATTRIBUTES = (Public, ); }; };
		BA32E42413AC6C1ABB8F34414A6714B7 /* DDOSLogger.h in Headers */ = {isa = PBXBuildFile; fileRef = 589753FC2A7F2BCC25572F58C7AA147D /* DDOSLogger.h */; settings = {ATTRIBUTES = (Public, ); }; };
		BB9B358A52C1B10E5F070C1FF510BD00 /* CocoaLumberjack.h in Headers */ = {isa = PBXBuildFile; fileRef = A6B2371C76E2FBA9ADB2752451BB13A3 /* CocoaLumberjack.h */; settings = {ATTRIBUTES = (Public, ); }; };
		BBD3C0BC7D7FF5FC2B64D98E11619926 /* DDASLLogger.h in Headers */ = {isa = PBXBuildFile; fileRef = 5E1D2CF78A80E42062AE12918B898125 /* DDASLLogger.h */; settings = {ATTRIBUTES = (Public, ); }; };
		BD85D48B0030454BF097117510DF7976 /* DDFileLogger+Buffering.m in Sources */ = {isa = PBXBuildFile; fileRef = CEF9399268827A7A05DD31130F21CE49 /* DDFileLogger+Buffering.m */; };
		BEF4EBB577934FFA17716D47F8D5B986 /* DDASLLogger.m in Sources */ = {isa = PBXBuildFile; fileRef = 8E50A0EEFCA2E23643B7C4C79E545C4B /* DDASLLogger.m */; };
		C0AFC736502CEF1A326319863ED7367F /* NSStream+SKPSMTPExtensions.h in Headers */ = {isa = PBXBuildFile; fileRef = 559083A8A4B7C2B1BB1C4B39AA0C9D7E /* NSStream+SKPSMTPExtensions.h */; settings = {ATTRIBUTES = (Public, ); }; };
		C19260515920C71612AA687D632E94CA /* LWLogger-dummy.m in Sources */ = {isa = PBXBuildFile; fileRef = 925BE59F22DEB582047735D265E24519 /* LWLogger-dummy.m */; };
		C850C5D3C65957F0C0082BB29EB326DB /* CocoaLumberjack-dummy.m in Sources */ = {isa = PBXBuildFile; fileRef = 46092CDDAB6FE5C7693EC9E98CC4E92F /* CocoaLumberjack-dummy.m */; };
		CD93BA3971EEE2770DB11882B9E2B31E /* ZipArchive.m in Sources */ = {isa = PBXBuildFile; fileRef = 49557AD9BAA21ED6E266EFB6339F4E71 /* ZipArchive.m */; settings = {COMPILER_FLAGS = "-Dunix -fno-objc-arc"; }; };
		D370716608CD404EDA6487F5264002FD /* DDAbstractDatabaseLogger.m in Sources */ = {isa = PBXBuildFile; fileRef = 61B132828F4D477FCE82571B58F1DA73 /* DDAbstractDatabaseLogger.m */; };
		D4781A8ADBE608B2627BD55B2251E86E /* Base64Transcoder.m in Sources */ = {isa = PBXBuildFile; fileRef = 5C20319BFC2EF6F400B1222831C3A6E2 /* Base64Transcoder.m */; settings = {COMPILER_FLAGS = "-fno-objc-arc"; }; };
		D677CAB7E02C0FD1A0C567C4A6945250 /* zip.h in Headers */ = {isa = PBXBuildFile; fileRef = BE9E5EC4A30018B34D0260D733FF5D93 /* zip.h */; settings = {ATTRIBUTES = (Project, ); }; };
		DB561750F6030F814BABE2694D2632F7 /* DDContextFilterLogFormatter.m in Sources */ = {isa = PBXBuildFile; fileRef = F4885CD6E57F93C1CD0EDE5AEE3F9E7F /* DDContextFilterLogFormatter.m */; };
		DC8CB62AEDBA69DDB8B1AEBDEA25C96C /* SKPSMTPMessage.m in Sources */ = {isa = PBXBuildFile; fileRef = E3B610DEF5015970723A95583004291E /* SKPSMTPMessage.m */; settings = {COMPILER_FLAGS = "-fno-objc-arc"; }; };
		DE3006DEECFEB36EFEAD973110B1563A /* ZipArchive-umbrella.h in Headers */ = {isa = PBXBuildFile; fileRef = BE38E7C16CB2E3E1ABDEC2F052D2AA71 /* ZipArchive-umbrella.h */; settings = {ATTRIBUTES = (Public, ); }; };
		E03FCE7560A36207C33C6C6917191E4E /* unzip.c in Sources */ = {isa = PBXBuildFile; fileRef = 9BDD942A6C56FB9E70AD6A46B2191158 /* unzip.c */; settings = {COMPILER_FLAGS = "-Dunix -fno-objc-arc"; }; };
		E05481DC19B3F3A976D7CCF816589C27 /* Base64Transcoder.h in Headers */ = {isa = PBXBuildFile; fileRef = BC0D30FCB0049BE7585F5591F3EF22CE /* Base64Transcoder.h */; settings = {ATTRIBUTES = (Public, ); }; };
		E38B9E6C920456080C1391926FC7F6D3 /* DDLoggerNames.m in Sources */ = {isa = PBXBuildFile; fileRef = 035F6E83B912140B15297F8BFD9506B7 /* DDLoggerNames.m */; };
		E4CD78139B773B689B622CBB70662661 /* Foundation.framework in Frameworks */ = {isa = PBXBuildFile; fileRef = 9FCBDEF5AB66FC6DBA5610EEFEC8F379 /* Foundation.framework */; };
		EC79C1A05D55E06F6DF37EE11BECDD0B /* DDLog.m in Sources */ = {isa = PBXBuildFile; fileRef = C4FE8420856C8CB5DBFA3130D89FFE97 /* DDLog.m */; };
		F440F0CE054153CC0A737FF9F710878D /* CFNetwork.framework in Frameworks */ = {isa = PBXBuildFile; fileRef = 6541E34CE79CD835792335957E39F750 /* CFNetwork.framework */; };
		FD1CC6D8F15E5CD3CFF8B1472F9BF68D /* Pods-LWLogger_Example-dummy.m in Sources */ = {isa = PBXBuildFile; fileRef = DBD962D33FDF5A01259DC5B0414D7253 /* Pods-LWLogger_Example-dummy.m */; };
		FD256A21838076C3E12331F667B82FD3 /* Foundation.framework in Frameworks */ = {isa = PBXBuildFile; fileRef = 9FCBDEF5AB66FC6DBA5610EEFEC8F379 /* Foundation.framework */; };
		FFB14A4D1F3FC6BA1EF5BB01E651A405 /* DDFileLogger.h in Headers */ = {isa = PBXBuildFile; fileRef = 7B65AACDB9DD37D1AADCE78121538481 /* DDFileLogger.h */; settings = {ATTRIBUTES = (Public, ); }; };
/* End PBXBuildFile section */

/* Begin PBXContainerItemProxy section */
		3AF7E9D222D9F217370DB2049E86C392 /* PBXContainerItemProxy */ = {
			isa = PBXContainerItemProxy;
			containerPortal = BFDFE7DC352907FC980B868725387E98 /* Project object */;
			proxyType = 1;
			remoteGlobalIDString = E95654B155D25890BE8E26081FCA8265;
			remoteInfo = CocoaLumberjack;
		};
		5B7295B14A01B2EB12E972F192995AFA /* PBXContainerItemProxy */ = {
			isa = PBXContainerItemProxy;
			containerPortal = BFDFE7DC352907FC980B868725387E98 /* Project object */;
			proxyType = 1;
			remoteGlobalIDString = B88CAF506F33E57E47B5E47CF86668FE;
			remoteInfo = LWLogger;
		};
		94D16A3884F2038227F2997EC1184C08 /* PBXContainerItemProxy */ = {
			isa = PBXContainerItemProxy;
			containerPortal = BFDFE7DC352907FC980B868725387E98 /* Project object */;
			proxyType = 1;
			remoteGlobalIDString = 8EBBCD2ED91CBB7653A936580705F26D;
			remoteInfo = ZipArchive;
		};
		9BDCBF4BF5645FE021E1D245C2AE7FC1 /* PBXContainerItemProxy */ = {
			isa = PBXContainerItemProxy;
			containerPortal = BFDFE7DC352907FC980B868725387E98 /* Project object */;
			proxyType = 1;
			remoteGlobalIDString = E95654B155D25890BE8E26081FCA8265;
			remoteInfo = CocoaLumberjack;
		};
		D3E65C9C517FBFFB0D9A1057B43BE508 /* PBXContainerItemProxy */ = {
			isa = PBXContainerItemProxy;
			containerPortal = BFDFE7DC352907FC980B868725387E98 /* Project object */;
			proxyType = 1;
			remoteGlobalIDString = 1AC472BBD0D9C7039BC00CBDE1EC859F;
			remoteInfo = skpsmtpmessage;
		};
		D60585C86CCD175BCC4BD14011AD13E6 /* PBXContainerItemProxy */ = {
			isa = PBXContainerItemProxy;
			containerPortal = BFDFE7DC352907FC980B868725387E98 /* Project object */;
			proxyType = 1;
			remoteGlobalIDString = 1AC472BBD0D9C7039BC00CBDE1EC859F;
			remoteInfo = skpsmtpmessage;
		};
		EA8DD0FD1B521713963735FDA45BBF21 /* PBXContainerItemProxy */ = {
			isa = PBXContainerItemProxy;
			containerPortal = BFDFE7DC352907FC980B868725387E98 /* Project object */;
			proxyType = 1;
			remoteGlobalIDString = 8EBBCD2ED91CBB7653A936580705F26D;
			remoteInfo = ZipArchive;
		};
/* End PBXContainerItemProxy section */

/* Begin PBXFileReference section */
		012B3E692B54919BC90B28F1DD74D25C /* LWLogger.podspec */ = {isa = PBXFileReference; explicitFileType = text.script.ruby; includeInIndex = 1; indentWidth = 2; lastKnownFileType = text; path = LWLogger.podspec; sourceTree = "<group>"; tabWidth = 2; xcLanguageSpecificationIdentifier = xcode.lang.ruby; };
		020F90E51D9B27213B78761E2CE38497 /* DDMultiFormatter.m */ = {isa = PBXFileReference; includeInIndex = 1; lastKnownFileType = sourcecode.c.objc; name = DDMultiFormatter.m; path = Sources/CocoaLumberjack/Extensions/DDMultiFormatter.m; sourceTree = "<group>"; };
		02AF3FE5F598CCD9FE22D441DEF17259 /* Pods-LWLogger_Example.release.xcconfig */ = {isa = PBXFileReference; includeInIndex = 1; lastKnownFileType = text.xcconfig; path = "Pods-LWLogger_Example.release.xcconfig"; sourceTree = "<group>"; };
		035F6E83B912140B15297F8BFD9506B7 /* DDLoggerNames.m */ = {isa = PBXFileReference; includeInIndex = 1; lastKnownFileType = sourcecode.c.objc; name = DDLoggerNames.m; path = Sources/CocoaLumberjack/DDLoggerNames.m; sourceTree = "<group>"; };
		041E6DBDBC48B618602B5A23B06F031A /* HSK_CFUtilities.m */ = {isa = PBXFileReference; includeInIndex = 1; lastKnownFileType = sourcecode.c.objc; name = HSK_CFUtilities.m; path = SMTPLibrary/HSK_CFUtilities.m; sourceTree = "<group>"; };
		0A43E40A6AD6A95CCC5BCB226A1C8DB1 /* skpsmtpmessage.xcconfig */ = {isa = PBXFileReference; includeInIndex = 1; lastKnownFileType = text.xcconfig; path = skpsmtpmessage.xcconfig; sourceTree = "<group>"; };
		0BE2AF96E4F7695B3EDA176D77F0C11D /* DDDispatchQueueLogFormatter.h */ = {isa = PBXFileReference; includeInIndex = 1; lastKnownFileType = sourcecode.c.h; name = DDDispatchQueueLogFormatter.h; path = Sources/CocoaLumberjack/include/DDDispatchQueueLogFormatter.h; sourceTree = "<group>"; };
		12F4771EA427EF90BBE1B3A0199216F2 /* skpsmtpmessage.modulemap */ = {isa = PBXFileReference; includeInIndex = 1; lastKnownFileType = sourcecode.module; path = skpsmtpmessage.modulemap; sourceTree = "<group>"; };
		13A5807F87AAAF59993E84FFAEFFBCCC /* DDLoggerNames.h */ = {isa = PBXFileReference; includeInIndex = 1; lastKnownFileType = sourcecode.c.h; name = DDLoggerNames.h; path = Sources/CocoaLumberjack/include/DDLoggerNames.h; sourceTree = "<group>"; };
		13C9C40E1CF76F24266CE4FBB8B714DE /* Pods-LWLogger_Example-acknowledgements.markdown */ = {isa = PBXFileReference; includeInIndex = 1; lastKnownFileType = text; path = "Pods-LWLogger_Example-acknowledgements.markdown"; sourceTree = "<group>"; };
		156FECC45953C5B690E5D78A60D8D01C /* LWLogUtil.m */ = {isa = PBXFileReference; includeInIndex = 1; lastKnownFileType = sourcecode.c.objc; name = LWLogUtil.m; path = LWLogger/Classes/LWLogUtil.m; sourceTree = "<group>"; };
		18DD578C083CBAFCEE863C2091FE2888 /* Pods-LWLogger_Example-acknowledgements.plist */ = {isa = PBXFileReference; includeInIndex = 1; lastKnownFileType = text.plist.xml; path = "Pods-LWLogger_Example-acknowledgements.plist"; sourceTree = "<group>"; };
		1AFD67948F308AD0BFE1DD1E6D95FCFC /* NSStream+SKPSMTPExtensions.m */ = {isa = PBXFileReference; includeInIndex = 1; lastKnownFileType = sourcecode.c.objc; name = "NSStream+SKPSMTPExtensions.m"; path = "SMTPLibrary/NSStream+SKPSMTPExtensions.m"; sourceTree = "<group>"; };
		1D55BC4CF7499B15AA43CAD56B40C685 /* CLIColor.h */ = {isa = PBXFileReference; includeInIndex = 1; lastKnownFileType = sourcecode.c.h; name = CLIColor.h; path = Sources/CocoaLumberjack/include/CLIColor.h; sourceTree = "<group>"; };
		24860FD3D1590E2D1C7B42F840F50B3E /* Pods-LWLogger_Example-Info.plist */ = {isa = PBXFileReference; includeInIndex = 1; lastKnownFileType = text.plist.xml; path = "Pods-LWLogger_Example-Info.plist"; sourceTree = "<group>"; };
		24F05BC561ACBCA5B63881BDD3877AC7 /* DDASLLogCapture.h */ = {isa = PBXFileReference; includeInIndex = 1; lastKnownFileType = sourcecode.c.h; name = DDASLLogCapture.h; path = Sources/CocoaLumberjack/include/DDASLLogCapture.h; sourceTree = "<group>"; };
		25BF172344AEE6B113560D7A2094D653 /* CocoaLumberjack.xcconfig */ = {isa = PBXFileReference; includeInIndex = 1; lastKnownFileType = text.xcconfig; path = CocoaLumberjack.xcconfig; sourceTree = "<group>"; };
		27D9488CA15B9252A3CEBEEF51890499 /* NSData+Base64Additions.h */ = {isa = PBXFileReference; includeInIndex = 1; lastKnownFileType = sourcecode.c.h; name = "NSData+Base64Additions.h"; path = "SMTPLibrary/NSData+Base64Additions.h"; sourceTree = "<group>"; };
		2C440BD6905BE94F23AC8BF6CD7211E7 /* LWLogger-Info.plist */ = {isa = PBXFileReference; includeInIndex = 1; lastKnownFileType = text.plist.xml; path = "LWLogger-Info.plist"; sourceTree = "<group>"; };
		2E7E921219840250F8E49EEDEDB7C405 /* CocoaLumberjack-Info.plist */ = {isa = PBXFileReference; includeInIndex = 1; lastKnownFileType = text.plist.xml; path = "CocoaLumberjack-Info.plist"; sourceTree = "<group>"; };
		3379023FC1D9368B4AA6C88FF097D7C5 /* CocoaLumberjack-prefix.pch */ = {isa = PBXFileReference; includeInIndex = 1; lastKnownFileType = sourcecode.c.h; path = "CocoaLumberjack-prefix.pch"; sourceTree = "<group>"; };
		3B0ED176DFD7FB2A52EA95D086B1BC7B /* CLIColor.m */ = {isa = PBXFileReference; includeInIndex = 1; lastKnownFileType = sourcecode.c.objc; name = CLIColor.m; path = Sources/CocoaLumberjack/CLI/CLIColor.m; sourceTree = "<group>"; };
		3D5736701F41C934AF3905B812A51020 /* DDLegacyMacros.h */ = {isa = PBXFileReference; includeInIndex = 1; lastKnownFileType = sourcecode.c.h; name = DDLegacyMacros.h; path = "Sources/CocoaLumberjack/Supporting Files/DDLegacyMacros.h"; sourceTree = "<group>"; };
		409FAC4E15156255B6F1087669BB929A /* ZipArchive-dummy.m */ = {isa = PBXFileReference; includeInIndex = 1; lastKnownFileType = sourcecode.c.objc; path = "ZipArchive-dummy.m"; sourceTree = "<group>"; };
		447016DB621F9FD0F1DF3913AE63F0DD /* DDLog.h */ = {isa = PBXFileReference; includeInIndex = 1; lastKnownFileType = sourcecode.c.h; name = DDLog.h; path = Sources/CocoaLumberjack/include/DDLog.h; sourceTree = "<group>"; };
		4532E9D0358F7266748E0684506761C1 /* CocoaLumberjack.framework */ = {isa = PBXFileReference; explicitFileType = wrapper.framework; includeInIndex = 0; path = CocoaLumberjack.framework; sourceTree = BUILT_PRODUCTS_DIR; };
		46092CDDAB6FE5C7693EC9E98CC4E92F /* CocoaLumberjack-dummy.m */ = {isa = PBXFileReference; includeInIndex = 1; lastKnownFileType = sourcecode.c.objc; path = "CocoaLumberjack-dummy.m"; sourceTree = "<group>"; };
		4681F25E0AA86EA8D43BE23B1804E136 /* DDTTYLogger.h */ = {isa = PBXFileReference; includeInIndex = 1; lastKnownFileType = sourcecode.c.h; name = DDTTYLogger.h; path = Sources/CocoaLumberjack/include/DDTTYLogger.h; sourceTree = "<group>"; };
		46F323F3B099E7DAE98979D28292F7ED /* ioapi.h */ = {isa = PBXFileReference; includeInIndex = 1; lastKnownFileType = sourcecode.c.h; name = ioapi.h; path = minizip/ioapi.h; sourceTree = "<group>"; };
		4766265732752C23EB3C49E4F36C4A0B /* CocoaLumberjack-umbrella.h */ = {isa = PBXFileReference; includeInIndex = 1; lastKnownFileType = sourcecode.c.h; path = "CocoaLumberjack-umbrella.h"; sourceTree = "<group>"; };
		489892F3958D0B0B3A3476A0132E9E71 /* README.md */ = {isa = PBXFileReference; includeInIndex = 1; path = README.md; sourceTree = "<group>"; };
		49557AD9BAA21ED6E266EFB6339F4E71 /* ZipArchive.m */ = {isa = PBXFileReference; includeInIndex = 1; lastKnownFileType = sourcecode.c.objc; path = ZipArchive.m; sourceTree = "<group>"; };
		4C66AD2DC7966EFA76FD88E292765502 /* LWLogger.modulemap */ = {isa = PBXFileReference; includeInIndex = 1; lastKnownFileType = sourcecode.module; path = LWLogger.modulemap; sourceTree = "<group>"; };
		54C0D0B5B3B41ADF87E6B15E5B740B72 /* zip.c */ = {isa = PBXFileReference; includeInIndex = 1; name = zip.c; path = minizip/zip.c; sourceTree = "<group>"; };
		559083A8A4B7C2B1BB1C4B39AA0C9D7E /* NSStream+SKPSMTPExtensions.h */ = {isa = PBXFileReference; includeInIndex = 1; lastKnownFileType = sourcecode.c.h; name = "NSStream+SKPSMTPExtensions.h"; path = "SMTPLibrary/NSStream+SKPSMTPExtensions.h"; sourceTree = "<group>"; };
		57E137AC3702F3B4A7DDC166105C3B81 /* DDFileLogger+Internal.h */ = {isa = PBXFileReference; includeInIndex = 1; lastKnownFileType = sourcecode.c.h; name = "DDFileLogger+Internal.h"; path = "Sources/CocoaLumberjack/DDFileLogger+Internal.h"; sourceTree = "<group>"; };
		589753FC2A7F2BCC25572F58C7AA147D /* DDOSLogger.h */ = {isa = PBXFileReference; includeInIndex = 1; lastKnownFileType = sourcecode.c.h; name = DDOSLogger.h; path = Sources/CocoaLumberjack/include/DDOSLogger.h; sourceTree = "<group>"; };
		5A4E064F56C4F3FA1342B89D4069F4FF /* mztools.c */ = {isa = PBXFileReference; includeInIndex = 1; name = mztools.c; path = minizip/mztools.c; sourceTree = "<group>"; };
		5C20319BFC2EF6F400B1222831C3A6E2 /* Base64Transcoder.m */ = {isa = PBXFileReference; includeInIndex = 1; lastKnownFileType = sourcecode.c.objc; name = Base64Transcoder.m; path = SMTPLibrary/Base64Transcoder.m; sourceTree = "<group>"; };
		5E1D2CF78A80E42062AE12918B898125 /* DDASLLogger.h */ = {isa = PBXFileReference; includeInIndex = 1; lastKnownFileType = sourcecode.c.h; name = DDASLLogger.h; path = Sources/CocoaLumberjack/include/DDASLLogger.h; sourceTree = "<group>"; };
		61B132828F4D477FCE82571B58F1DA73 /* DDAbstractDatabaseLogger.m */ = {isa = PBXFileReference; includeInIndex = 1; lastKnownFileType = sourcecode.c.objc; name = DDAbstractDatabaseLogger.m; path = Sources/CocoaLumberjack/DDAbstractDatabaseLogger.m; sourceTree = "<group>"; };
		6541E34CE79CD835792335957E39F750 /* CFNetwork.framework */ = {isa = PBXFileReference; lastKnownFileType = wrapper.framework; name = CFNetwork.framework; path = Platforms/iPhoneOS.platform/Developer/SDKs/iPhoneOS12.2.sdk/System/Library/Frameworks/CFNetwork.framework; sourceTree = DEVELOPER_DIR; };
		6B752F2E1708A0E1046795FDE6E6987A /* ZipArchive.framework */ = {isa = PBXFileReference; explicitFileType = wrapper.framework; includeInIndex = 0; path = ZipArchive.framework; sourceTree = BUILT_PRODUCTS_DIR; };
		6FCBCF365F55AC6233148C35B1A723F2 /* ZipArchive.modulemap */ = {isa = PBXFileReference; includeInIndex = 1; lastKnownFileType = sourcecode.module; path = ZipArchive.modulemap; sourceTree = "<group>"; };
		73EE6080B70B6F8B485F7D357D9E6623 /* DDLog+LOGV.h */ = {isa = PBXFileReference; includeInIndex = 1; lastKnownFileType = sourcecode.c.h; name = "DDLog+LOGV.h"; path = "Sources/CocoaLumberjack/include/DDLog+LOGV.h"; sourceTree = "<group>"; };
		7B65AACDB9DD37D1AADCE78121538481 /* DDFileLogger.h */ = {isa = PBXFileReference; includeInIndex = 1; lastKnownFileType = sourcecode.c.h; name = DDFileLogger.h; path = Sources/CocoaLumberjack/include/DDFileLogger.h; sourceTree = "<group>"; };
		7E423A45817C8C70EEB795CDD0AB4CC5 /* DDTTYLogger.m */ = {isa = PBXFileReference; includeInIndex = 1; lastKnownFileType = sourcecode.c.objc; name = DDTTYLogger.m; path = Sources/CocoaLumberjack/DDTTYLogger.m; sourceTree = "<group>"; };
		83041A428081F2EF1ABEF60861C4A6EC /* LWLogger-prefix.pch */ = {isa = PBXFileReference; includeInIndex = 1; lastKnownFileType = sourcecode.c.h; path = "LWLogger-prefix.pch"; sourceTree = "<group>"; };
		841B4537A8A6A6FEE9F3B6B38647B687 /* SKPSMTPMessage.h */ = {isa = PBXFileReference; includeInIndex = 1; lastKnownFileType = sourcecode.c.h; name = SKPSMTPMessage.h; path = SMTPLibrary/SKPSMTPMessage.h; sourceTree = "<group>"; };
		8426AF8D75D665B0B3A319E0C4FC8E53 /* crypt.h */ = {isa = PBXFileReference; includeInIndex = 1; lastKnownFileType = sourcecode.c.h; name = crypt.h; path = minizip/crypt.h; sourceTree = "<group>"; };
		88A84E2D65C840E741BF69A606F333C8 /* DDAbstractDatabaseLogger.h */ = {isa = PBXFileReference; includeInIndex = 1; lastKnownFileType = sourcecode.c.h; name = DDAbstractDatabaseLogger.h; path = Sources/CocoaLumberjack/include/DDAbstractDatabaseLogger.h; sourceTree = "<group>"; };
		899A7F9848E50076F3966F98EDA7082E /* ZipArchive-Info.plist */ = {isa = PBXFileReference; includeInIndex = 1; lastKnownFileType = text.plist.xml; path = "ZipArchive-Info.plist"; sourceTree = "<group>"; };
		8E50A0EEFCA2E23643B7C4C79E545C4B /* DDASLLogger.m */ = {isa = PBXFileReference; includeInIndex = 1; lastKnownFileType = sourcecode.c.objc; name = DDASLLogger.m; path = Sources/CocoaLumberjack/DDASLLogger.m; sourceTree = "<group>"; };
		925BE59F22DEB582047735D265E24519 /* LWLogger-dummy.m */ = {isa = PBXFileReference; includeInIndex = 1; lastKnownFileType = sourcecode.c.objc; path = "LWLogger-dummy.m"; sourceTree = "<group>"; };
		94A5E9B2CEE110207EEA20EAE71CD642 /* DDASLLogCapture.m */ = {isa = PBXFileReference; includeInIndex = 1; lastKnownFileType = sourcecode.c.objc; name = DDASLLogCapture.m; path = Sources/CocoaLumberjack/DDASLLogCapture.m; sourceTree = "<group>"; };
		9AA302B23FEFB9514A17F9450D083B7E /* skpsmtpmessage-dummy.m */ = {isa = PBXFileReference; includeInIndex = 1; lastKnownFileType = sourcecode.c.objc; path = "skpsmtpmessage-dummy.m"; sourceTree = "<group>"; };
		9BDD942A6C56FB9E70AD6A46B2191158 /* unzip.c */ = {isa = PBXFileReference; includeInIndex = 1; name = unzip.c; path = minizip/unzip.c; sourceTree = "<group>"; };
		9D940727FF8FB9C785EB98E56350EF41 /* Podfile */ = {isa = PBXFileReference; explicitFileType = text.script.ruby; includeInIndex = 1; indentWidth = 2; lastKnownFileType = text; name = Podfile; path = ../Podfile; sourceTree = SOURCE_ROOT; tabWidth = 2; xcLanguageSpecificationIdentifier = xcode.lang.ruby; };
		9E06F42FFB803FA1750F4996DF80AA93 /* LWLogger-umbrella.h */ = {isa = PBXFileReference; includeInIndex = 1; lastKnownFileType = sourcecode.c.h; path = "LWLogger-umbrella.h"; sourceTree = "<group>"; };
		9F45D13C66D95F29F5D7015EEC729E04 /* DDFileLogger.m */ = {isa = PBXFileReference; includeInIndex = 1; lastKnownFileType = sourcecode.c.objc; name = DDFileLogger.m; path = Sources/CocoaLumberjack/DDFileLogger.m; sourceTree = "<group>"; };
		9FCBDEF5AB66FC6DBA5610EEFEC8F379 /* Foundation.framework */ = {isa = PBXFileReference; lastKnownFileType = wrapper.framework; name = Foundation.framework; path = Platforms/iPhoneOS.platform/Developer/SDKs/iPhoneOS12.2.sdk/System/Library/Frameworks/Foundation.framework; sourceTree = DEVELOPER_DIR; };
		A07349F076D150F476C2EF4629D32AAB /* ZipArchive.xcconfig */ = {isa = PBXFileReference; includeInIndex = 1; lastKnownFileType = text.xcconfig; path = ZipArchive.xcconfig; sourceTree = "<group>"; };
		A6B2371C76E2FBA9ADB2752451BB13A3 /* CocoaLumberjack.h */ = {isa = PBXFileReference; includeInIndex = 1; lastKnownFileType = sourcecode.c.h; name = CocoaLumberjack.h; path = "Sources/CocoaLumberjack/Supporting Files/CocoaLumberjack.h"; sourceTree = "<group>"; };
		ACED3B0E2B3F3074FB24969D37EC2495 /* DDOSLogger.m */ = {isa = PBXFileReference; includeInIndex = 1; lastKnownFileType = sourcecode.c.objc; name = DDOSLogger.m; path = Sources/CocoaLumberjack/DDOSLogger.m; sourceTree = "<group>"; };
		AD2492C2E7EBBEAEB1CCFADC042E3315 /* skpsmtpmessage-prefix.pch */ = {isa = PBXFileReference; includeInIndex = 1; lastKnownFileType = sourcecode.c.h; path = "skpsmtpmessage-prefix.pch"; sourceTree = "<group>"; };
		AEDF596E8B1BF82F0CEAC272E32B78F7 /* ioapi.c */ = {isa = PBXFileReference; includeInIndex = 1; name = ioapi.c; path = minizip/ioapi.c; sourceTree = "<group>"; };
		B3B7FD80C3CF3C76D539FA251C822B72 /* LICENSE */ = {isa = PBXFileReference; includeInIndex = 1; path = LICENSE; sourceTree = "<group>"; };
		B5CCEC0C1BF5A35E7C0DD0BA81CBE77A /* Pods-LWLogger_Example.debug.xcconfig */ = {isa = PBXFileReference; includeInIndex = 1; lastKnownFileType = text.xcconfig; path = "Pods-LWLogger_Example.debug.xcconfig"; sourceTree = "<group>"; };
		B9DFB559C9DC77B409405F1DF1B7CB64 /* Pods_LWLogger_Example.framework */ = {isa = PBXFileReference; explicitFileType = wrapper.framework; includeInIndex = 0; name = Pods_LWLogger_Example.framework; path = "Pods-LWLogger_Example.framework"; sourceTree = BUILT_PRODUCTS_DIR; };
		BB89119EC528A00DF8700C7E6596B834 /* CocoaLumberjack.modulemap */ = {isa = PBXFileReference; includeInIndex = 1; lastKnownFileType = sourcecode.module; path = CocoaLumberjack.modulemap; sourceTree = "<group>"; };
		BC0D30FCB0049BE7585F5591F3EF22CE /* Base64Transcoder.h */ = {isa = PBXFileReference; includeInIndex = 1; lastKnownFileType = sourcecode.c.h; name = Base64Transcoder.h; path = SMTPLibrary/Base64Transcoder.h; sourceTree = "<group>"; };
		BCF1AF052E83C80575B4B501A3EC65EB /* DDDispatchQueueLogFormatter.m */ = {isa = PBXFileReference; includeInIndex = 1; lastKnownFileType = sourcecode.c.objc; name = DDDispatchQueueLogFormatter.m; path = Sources/CocoaLumberjack/Extensions/DDDispatchQueueLogFormatter.m; sourceTree = "<group>"; };
		BE38E7C16CB2E3E1ABDEC2F052D2AA71 /* ZipArchive-umbrella.h */ = {isa = PBXFileReference; includeInIndex = 1; lastKnownFileType = sourcecode.c.h; path = "ZipArchive-umbrella.h"; sourceTree = "<group>"; };
		BE9E5EC4A30018B34D0260D733FF5D93 /* zip.h */ = {isa = PBXFileReference; includeInIndex = 1; lastKnownFileType = sourcecode.c.h; name = zip.h; path = minizip/zip.h; sourceTree = "<group>"; };
		C261436D14052AE3C35F240BCD155CAC /* CocoaLumberjack.framework */ = {isa = PBXFileReference; explicitFileType = wrapper.framework; includeInIndex = 0; name = CocoaLumberjack.framework; path = CocoaLumberjack.framework; sourceTree = BUILT_PRODUCTS_DIR; };
		C4D1159F1952E566D8A3368F43CE0DC0 /* DDAssertMacros.h */ = {isa = PBXFileReference; includeInIndex = 1; lastKnownFileType = sourcecode.c.h; name = DDAssertMacros.h; path = Sources/CocoaLumberjack/include/DDAssertMacros.h; sourceTree = "<group>"; };
		C4FE8420856C8CB5DBFA3130D89FFE97 /* DDLog.m */ = {isa = PBXFileReference; includeInIndex = 1; lastKnownFileType = sourcecode.c.objc; name = DDLog.m; path = Sources/CocoaLumberjack/DDLog.m; sourceTree = "<group>"; };
		C8C856487AFBE482F8063AE51C1F4056 /* LWLogger.xcconfig */ = {isa = PBXFileReference; includeInIndex = 1; lastKnownFileType = text.xcconfig; path = LWLogger.xcconfig; sourceTree = "<group>"; };
		CA66DA0E9EBD8CCC9C5978218E6BD75A /* DDFileLogger+Buffering.h */ = {isa = PBXFileReference; includeInIndex = 1; lastKnownFileType = sourcecode.c.h; name = "DDFileLogger+Buffering.h"; path = "Sources/CocoaLumberjack/include/DDFileLogger+Buffering.h"; sourceTree = "<group>"; };
		CB979654717D65B6756BFC050530DBAA /* DDContextFilterLogFormatter.h */ = {isa = PBXFileReference; includeInIndex = 1; lastKnownFileType = sourcecode.c.h; name = DDContextFilterLogFormatter.h; path = Sources/CocoaLumberjack/include/DDContextFilterLogFormatter.h; sourceTree = "<group>"; };
		CCA9E0E40C44D953957CA7FC7C608F56 /* skpsmtpmessage.framework */ = {isa = PBXFileReference; explicitFileType = wrapper.framework; includeInIndex = 0; name = skpsmtpmessage.framework; path = skpsmtpmessage.framework; sourceTree = BUILT_PRODUCTS_DIR; };
		CEF9399268827A7A05DD31130F21CE49 /* DDFileLogger+Buffering.m */ = {isa = PBXFileReference; includeInIndex = 1; lastKnownFileType = sourcecode.c.objc; name = "DDFileLogger+Buffering.m"; path = "Sources/CocoaLumberjack/Extensions/DDFileLogger+Buffering.m"; sourceTree = "<group>"; };
		D1F3826C7A09276DDD52F286C8DA7326 /* unzip.h */ = {isa = PBXFileReference; includeInIndex = 1; lastKnownFileType = sourcecode.c.h; name = unzip.h; path = minizip/unzip.h; sourceTree = "<group>"; };
		D38BB8D76D76CFBBCD34A4964A0C933D /* Pods-LWLogger_Example-frameworks.sh */ = {isa = PBXFileReference; includeInIndex = 1; lastKnownFileType = text.script.sh; path = "Pods-LWLogger_Example-frameworks.sh"; sourceTree = "<group>"; };
		D3FBFDE9E8B01D38208E8C9889307451 /* Pods-LWLogger_Example.modulemap */ = {isa = PBXFileReference; includeInIndex = 1; lastKnownFileType = sourcecode.module; path = "Pods-LWLogger_Example.modulemap"; sourceTree = "<group>"; };
		D8E88EC940339312F976003DE024FF85 /* NSData+Base64Additions.m */ = {isa = PBXFileReference; includeInIndex = 1; lastKnownFileType = sourcecode.c.objc; name = "NSData+Base64Additions.m"; path = "SMTPLibrary/NSData+Base64Additions.m"; sourceTree = "<group>"; };
		D9032EF2482D2393F677810DA66DED4F /* skpsmtpmessage.framework */ = {isa = PBXFileReference; explicitFileType = wrapper.framework; includeInIndex = 0; path = skpsmtpmessage.framework; sourceTree = BUILT_PRODUCTS_DIR; };
		DA09B1C0FA0040F95E9C4C7771B01EC8 /* LWLogUtil.h */ = {isa = PBXFileReference; includeInIndex = 1; lastKnownFileType = sourcecode.c.h; name = LWLogUtil.h; path = LWLogger/Classes/LWLogUtil.h; sourceTree = "<group>"; };
		DAFC4FBA3B95C5E9D5CBFC260AA08804 /* ZipArchive.framework */ = {isa = PBXFileReference; explicitFileType = wrapper.framework; includeInIndex = 0; name = ZipArchive.framework; path = ZipArchive.framework; sourceTree = BUILT_PRODUCTS_DIR; };
		DBD962D33FDF5A01259DC5B0414D7253 /* Pods-LWLogger_Example-dummy.m */ = {isa = PBXFileReference; includeInIndex = 1; lastKnownFileType = sourcecode.c.objc; path = "Pods-LWLogger_Example-dummy.m"; sourceTree = "<group>"; };
		DDB02EC5C0A305D7BCFBB7B3299BBFAA /* DDMultiFormatter.h */ = {isa = PBXFileReference; includeInIndex = 1; lastKnownFileType = sourcecode.c.h; name = DDMultiFormatter.h; path = Sources/CocoaLumberjack/include/DDMultiFormatter.h; sourceTree = "<group>"; };
		E07667B91AD15DD4751E6EA4D02BA1C1 /* HSK_CFUtilities.h */ = {isa = PBXFileReference; includeInIndex = 1; lastKnownFileType = sourcecode.c.h; name = HSK_CFUtilities.h; path = SMTPLibrary/HSK_CFUtilities.h; sourceTree = "<group>"; };
		E194FE3E75D6E4613C8755753D8194D7 /* ZipArchive.h */ = {isa = PBXFileReference; includeInIndex = 1; lastKnownFileType = sourcecode.c.h; path = ZipArchive.h; sourceTree = "<group>"; };
		E3B610DEF5015970723A95583004291E /* SKPSMTPMessage.m */ = {isa = PBXFileReference; includeInIndex = 1; lastKnownFileType = sourcecode.c.objc; name = SKPSMTPMessage.m; path = SMTPLibrary/SKPSMTPMessage.m; sourceTree = "<group>"; };
		E4A8E5AFAFF339AEC841E3795EE1BF90 /* LWLogger.h */ = {isa = PBXFileReference; includeInIndex = 1; lastKnownFileType = sourcecode.c.h; name = LWLogger.h; path = LWLogger/Classes/LWLogger.h; sourceTree = "<group>"; };
		E910133FB6B4C1913863D6E53D1A583A /* skpsmtpmessage-Info.plist */ = {isa = PBXFileReference; includeInIndex = 1; lastKnownFileType = text.plist.xml; path = "skpsmtpmessage-Info.plist"; sourceTree = "<group>"; };
		E96DAE3D8655FD5D1827E287C6818ABE /* DDLogMacros.h */ = {isa = PBXFileReference; includeInIndex = 1; lastKnownFileType = sourcecode.c.h; name = DDLogMacros.h; path = Sources/CocoaLumberjack/include/DDLogMacros.h; sourceTree = "<group>"; };
		E986F66D2AF69EC05B61CA3AFE11F895 /* mztools.h */ = {isa = PBXFileReference; includeInIndex = 1; lastKnownFileType = sourcecode.c.h; name = mztools.h; path = minizip/mztools.h; sourceTree = "<group>"; };
		EEDF1840A41FEA52541C937AD87428B8 /* skpsmtpmessage-umbrella.h */ = {isa = PBXFileReference; includeInIndex = 1; lastKnownFileType = sourcecode.c.h; path = "skpsmtpmessage-umbrella.h"; sourceTree = "<group>"; };
		EFCE9C8A304AC67DDC6484C9E585F213 /* ZipArchive-prefix.pch */ = {isa = PBXFileReference; includeInIndex = 1; lastKnownFileType = sourcecode.c.h; path = "ZipArchive-prefix.pch"; sourceTree = "<group>"; };
		F2E4A61740F972B881780E2D7826C4E5 /* LWLogger.framework */ = {isa = PBXFileReference; explicitFileType = wrapper.framework; includeInIndex = 0; name = LWLogger.framework; path = LWLogger.framework; sourceTree = BUILT_PRODUCTS_DIR; };
		F4885CD6E57F93C1CD0EDE5AEE3F9E7F /* DDContextFilterLogFormatter.m */ = {isa = PBXFileReference; includeInIndex = 1; lastKnownFileType = sourcecode.c.objc; name = DDContextFilterLogFormatter.m; path = Sources/CocoaLumberjack/Extensions/DDContextFilterLogFormatter.m; sourceTree = "<group>"; };
		FC99CEB7F84E2E170BBA8FA11CCF090C /* Pods-LWLogger_Example-umbrella.h */ = {isa = PBXFileReference; includeInIndex = 1; lastKnownFileType = sourcecode.c.h; path = "Pods-LWLogger_Example-umbrella.h"; sourceTree = "<group>"; };
/* End PBXFileReference section */

/* Begin PBXFrameworksBuildPhase section */
		397A4F2291CA1577C4EEC190577610BE /* Frameworks */ = {
			isa = PBXFrameworksBuildPhase;
			buildActionMask = 2147483647;
			files = (
				6A0860D095B6B1F8D07A3D3BF8F907B7 /* CocoaLumberjack.framework in Frameworks */,
				FD256A21838076C3E12331F667B82FD3 /* Foundation.framework in Frameworks */,
				4689FF1A52E44A588902C0B0BBA8DCDB /* skpsmtpmessage.framework in Frameworks */,
				AE0ED5B6D0F3DFCF48EF51C98745D165 /* ZipArchive.framework in Frameworks */,
			);
			runOnlyForDeploymentPostprocessing = 0;
		};
		85D130C890A41EE223A85B2F59D220E9 /* Frameworks */ = {
			isa = PBXFrameworksBuildPhase;
			buildActionMask = 2147483647;
			files = (
				E4CD78139B773B689B622CBB70662661 /* Foundation.framework in Frameworks */,
			);
			runOnlyForDeploymentPostprocessing = 0;
		};
		88289A1E01CE4111A94DACA2AAF01EB8 /* Frameworks */ = {
			isa = PBXFrameworksBuildPhase;
			buildActionMask = 2147483647;
			files = (
				2020EAE32CF40084F178EE046A3BF91F /* Foundation.framework in Frameworks */,
			);
			runOnlyForDeploymentPostprocessing = 0;
		};
		8AB10498A974AA59841C4F8DE6F207E3 /* Frameworks */ = {
			isa = PBXFrameworksBuildPhase;
			buildActionMask = 2147483647;
			files = (
				02ECC49E0251EB90C6261915A3123254 /* Foundation.framework in Frameworks */,
			);
			runOnlyForDeploymentPostprocessing = 0;
		};
		DD718FC943FEF706986C608F564B553E /* Frameworks */ = {
			isa = PBXFrameworksBuildPhase;
			buildActionMask = 2147483647;
			files = (
				F440F0CE054153CC0A737FF9F710878D /* CFNetwork.framework in Frameworks */,
				3856C641F6479CF87DA45E7CD83D2520 /* Foundation.framework in Frameworks */,
			);
			runOnlyForDeploymentPostprocessing = 0;
		};
/* End PBXFrameworksBuildPhase section */

/* Begin PBXGroup section */
		15304F4344C589C45A16239C667E6C38 /* LWLogger */ = {
			isa = PBXGroup;
			children = (
				E4A8E5AFAFF339AEC841E3795EE1BF90 /* LWLogger.h */,
				DA09B1C0FA0040F95E9C4C7771B01EC8 /* LWLogUtil.h */,
				156FECC45953C5B690E5D78A60D8D01C /* LWLogUtil.m */,
				E2EF5BCCF66CF58544D982A96D4923BE /* Pod */,
				419E8A623617ABCD21482DA3768BBCC6 /* Support Files */,
			);
			name = LWLogger;
			path = ../..;
			sourceTree = "<group>";
		};
		2706AD1833F0DB74978E9280D5B6E767 /* Products */ = {
			isa = PBXGroup;
			children = (
				C261436D14052AE3C35F240BCD155CAC /* CocoaLumberjack.framework */,
				F2E4A61740F972B881780E2D7826C4E5 /* LWLogger.framework */,
				B9DFB559C9DC77B409405F1DF1B7CB64 /* Pods_LWLogger_Example.framework */,
				CCA9E0E40C44D953957CA7FC7C608F56 /* skpsmtpmessage.framework */,
				DAFC4FBA3B95C5E9D5CBFC260AA08804 /* ZipArchive.framework */,
			);
			name = Products;
			sourceTree = "<group>";
		};
		31C01EA07C9D95054E41C7EC3AC8B5AF /* iOS */ = {
			isa = PBXGroup;
			children = (
				6541E34CE79CD835792335957E39F750 /* CFNetwork.framework */,
				9FCBDEF5AB66FC6DBA5610EEFEC8F379 /* Foundation.framework */,
			);
			name = iOS;
			sourceTree = "<group>";
		};
		36D9CDC639599F4BCB1960FFD1281BC5 /* Support Files */ = {
			isa = PBXGroup;
			children = (
				12F4771EA427EF90BBE1B3A0199216F2 /* skpsmtpmessage.modulemap */,
				0A43E40A6AD6A95CCC5BCB226A1C8DB1 /* skpsmtpmessage.xcconfig */,
				9AA302B23FEFB9514A17F9450D083B7E /* skpsmtpmessage-dummy.m */,
				E910133FB6B4C1913863D6E53D1A583A /* skpsmtpmessage-Info.plist */,
				AD2492C2E7EBBEAEB1CCFADC042E3315 /* skpsmtpmessage-prefix.pch */,
				EEDF1840A41FEA52541C937AD87428B8 /* skpsmtpmessage-umbrella.h */,
			);
			name = "Support Files";
			path = "../Target Support Files/skpsmtpmessage";
			sourceTree = "<group>";
		};
		419E8A623617ABCD21482DA3768BBCC6 /* Support Files */ = {
			isa = PBXGroup;
			children = (
				4C66AD2DC7966EFA76FD88E292765502 /* LWLogger.modulemap */,
				C8C856487AFBE482F8063AE51C1F4056 /* LWLogger.xcconfig */,
				925BE59F22DEB582047735D265E24519 /* LWLogger-dummy.m */,
				2C440BD6905BE94F23AC8BF6CD7211E7 /* LWLogger-Info.plist */,
				83041A428081F2EF1ABEF60861C4A6EC /* LWLogger-prefix.pch */,
				9E06F42FFB803FA1750F4996DF80AA93 /* LWLogger-umbrella.h */,
			);
			name = "Support Files";
			path = "Example/Pods/Target Support Files/LWLogger";
			sourceTree = "<group>";
		};
		57DAD544D2F1EE412CAE3C998D65D4C8 /* Development Pods */ = {
			isa = PBXGroup;
			children = (
				15304F4344C589C45A16239C667E6C38 /* LWLogger */,
			);
			name = "Development Pods";
			sourceTree = "<group>";
		};
		5B921E24B2B194BA6EABB691C6E9B062 /* Pods */ = {
			isa = PBXGroup;
			children = (
				96046D5516FD8B066171139ED20EBF8B /* CocoaLumberjack */,
				E2638D529FCB319AF4D548ACC726FCA1 /* skpsmtpmessage */,
				67A67C5C5EA93B75A18FE820A874FE30 /* ZipArchive */,
			);
			name = Pods;
			sourceTree = "<group>";
		};
		67A67C5C5EA93B75A18FE820A874FE30 /* ZipArchive */ = {
			isa = PBXGroup;
			children = (
				8426AF8D75D665B0B3A319E0C4FC8E53 /* crypt.h */,
				AEDF596E8B1BF82F0CEAC272E32B78F7 /* ioapi.c */,
				46F323F3B099E7DAE98979D28292F7ED /* ioapi.h */,
				5A4E064F56C4F3FA1342B89D4069F4FF /* mztools.c */,
				E986F66D2AF69EC05B61CA3AFE11F895 /* mztools.h */,
				9BDD942A6C56FB9E70AD6A46B2191158 /* unzip.c */,
				D1F3826C7A09276DDD52F286C8DA7326 /* unzip.h */,
				54C0D0B5B3B41ADF87E6B15E5B740B72 /* zip.c */,
				BE9E5EC4A30018B34D0260D733FF5D93 /* zip.h */,
				E194FE3E75D6E4613C8755753D8194D7 /* ZipArchive.h */,
				49557AD9BAA21ED6E266EFB6339F4E71 /* ZipArchive.m */,
				82450B59C79734764E7DEE42BE559D81 /* Support Files */,
			);
			name = ZipArchive;
			path = ZipArchive;
			sourceTree = "<group>";
		};
		75304B8EB870339FF2C4B5D9D81338DA /* Pods-LWLogger_Example */ = {
			isa = PBXGroup;
			children = (
				D3FBFDE9E8B01D38208E8C9889307451 /* Pods-LWLogger_Example.modulemap */,
				13C9C40E1CF76F24266CE4FBB8B714DE /* Pods-LWLogger_Example-acknowledgements.markdown */,
				18DD578C083CBAFCEE863C2091FE2888 /* Pods-LWLogger_Example-acknowledgements.plist */,
				DBD962D33FDF5A01259DC5B0414D7253 /* Pods-LWLogger_Example-dummy.m */,
				D38BB8D76D76CFBBCD34A4964A0C933D /* Pods-LWLogger_Example-frameworks.sh */,
				24860FD3D1590E2D1C7B42F840F50B3E /* Pods-LWLogger_Example-Info.plist */,
				FC99CEB7F84E2E170BBA8FA11CCF090C /* Pods-LWLogger_Example-umbrella.h */,
				B5CCEC0C1BF5A35E7C0DD0BA81CBE77A /* Pods-LWLogger_Example.debug.xcconfig */,
				02AF3FE5F598CCD9FE22D441DEF17259 /* Pods-LWLogger_Example.release.xcconfig */,
			);
			name = "Pods-LWLogger_Example";
			path = "Target Support Files/Pods-LWLogger_Example";
			sourceTree = "<group>";
		};
		82450B59C79734764E7DEE42BE559D81 /* Support Files */ = {
			isa = PBXGroup;
			children = (
				6FCBCF365F55AC6233148C35B1A723F2 /* ZipArchive.modulemap */,
				A07349F076D150F476C2EF4629D32AAB /* ZipArchive.xcconfig */,
				409FAC4E15156255B6F1087669BB929A /* ZipArchive-dummy.m */,
				899A7F9848E50076F3966F98EDA7082E /* ZipArchive-Info.plist */,
				EFCE9C8A304AC67DDC6484C9E585F213 /* ZipArchive-prefix.pch */,
				BE38E7C16CB2E3E1ABDEC2F052D2AA71 /* ZipArchive-umbrella.h */,
			);
			name = "Support Files";
			path = "../Target Support Files/ZipArchive";
			sourceTree = "<group>";
		};
		96046D5516FD8B066171139ED20EBF8B /* CocoaLumberjack */ = {
			isa = PBXGroup;
			children = (
				DAD9C8AB14563418CA6895E8B8CFE7BB /* Core */,
				D85B0AA8FE9FBFCFDB971C9E44174DB0 /* Support Files */,
			);
			name = CocoaLumberjack;
			path = CocoaLumberjack;
			sourceTree = "<group>";
		};
		B8853697F8100534D81321EF79110AE3 /* Targets Support Files */ = {
			isa = PBXGroup;
			children = (
				75304B8EB870339FF2C4B5D9D81338DA /* Pods-LWLogger_Example */,
			);
			name = "Targets Support Files";
			sourceTree = "<group>";
		};
		CF1408CF629C7361332E53B88F7BD30C = {
			isa = PBXGroup;
			children = (
				9D940727FF8FB9C785EB98E56350EF41 /* Podfile */,
				57DAD544D2F1EE412CAE3C998D65D4C8 /* Development Pods */,
				EA1C02D1F9FF231D36D6F770CFC29FE7 /* Frameworks */,
				5B921E24B2B194BA6EABB691C6E9B062 /* Pods */,
				2706AD1833F0DB74978E9280D5B6E767 /* Products */,
				B8853697F8100534D81321EF79110AE3 /* Targets Support Files */,
			);
			sourceTree = "<group>";
		};
		D85B0AA8FE9FBFCFDB971C9E44174DB0 /* Support Files */ = {
			isa = PBXGroup;
			children = (
				BB89119EC528A00DF8700C7E6596B834 /* CocoaLumberjack.modulemap */,
				25BF172344AEE6B113560D7A2094D653 /* CocoaLumberjack.xcconfig */,
				46092CDDAB6FE5C7693EC9E98CC4E92F /* CocoaLumberjack-dummy.m */,
				2E7E921219840250F8E49EEDEDB7C405 /* CocoaLumberjack-Info.plist */,
				3379023FC1D9368B4AA6C88FF097D7C5 /* CocoaLumberjack-prefix.pch */,
				4766265732752C23EB3C49E4F36C4A0B /* CocoaLumberjack-umbrella.h */,
			);
			name = "Support Files";
			path = "../Target Support Files/CocoaLumberjack";
			sourceTree = "<group>";
		};
		DAD9C8AB14563418CA6895E8B8CFE7BB /* Core */ = {
			isa = PBXGroup;
			children = (
				1D55BC4CF7499B15AA43CAD56B40C685 /* CLIColor.h */,
				3B0ED176DFD7FB2A52EA95D086B1BC7B /* CLIColor.m */,
				A6B2371C76E2FBA9ADB2752451BB13A3 /* CocoaLumberjack.h */,
				88A84E2D65C840E741BF69A606F333C8 /* DDAbstractDatabaseLogger.h */,
				61B132828F4D477FCE82571B58F1DA73 /* DDAbstractDatabaseLogger.m */,
				24F05BC561ACBCA5B63881BDD3877AC7 /* DDASLLogCapture.h */,
				94A5E9B2CEE110207EEA20EAE71CD642 /* DDASLLogCapture.m */,
				5E1D2CF78A80E42062AE12918B898125 /* DDASLLogger.h */,
				8E50A0EEFCA2E23643B7C4C79E545C4B /* DDASLLogger.m */,
				C4D1159F1952E566D8A3368F43CE0DC0 /* DDAssertMacros.h */,
				CB979654717D65B6756BFC050530DBAA /* DDContextFilterLogFormatter.h */,
				F4885CD6E57F93C1CD0EDE5AEE3F9E7F /* DDContextFilterLogFormatter.m */,
				0BE2AF96E4F7695B3EDA176D77F0C11D /* DDDispatchQueueLogFormatter.h */,
				BCF1AF052E83C80575B4B501A3EC65EB /* DDDispatchQueueLogFormatter.m */,
				7B65AACDB9DD37D1AADCE78121538481 /* DDFileLogger.h */,
				9F45D13C66D95F29F5D7015EEC729E04 /* DDFileLogger.m */,
				CA66DA0E9EBD8CCC9C5978218E6BD75A /* DDFileLogger+Buffering.h */,
				CEF9399268827A7A05DD31130F21CE49 /* DDFileLogger+Buffering.m */,
				57E137AC3702F3B4A7DDC166105C3B81 /* DDFileLogger+Internal.h */,
				3D5736701F41C934AF3905B812A51020 /* DDLegacyMacros.h */,
				447016DB621F9FD0F1DF3913AE63F0DD /* DDLog.h */,
				C4FE8420856C8CB5DBFA3130D89FFE97 /* DDLog.m */,
				73EE6080B70B6F8B485F7D357D9E6623 /* DDLog+LOGV.h */,
				13A5807F87AAAF59993E84FFAEFFBCCC /* DDLoggerNames.h */,
				035F6E83B912140B15297F8BFD9506B7 /* DDLoggerNames.m */,
				E96DAE3D8655FD5D1827E287C6818ABE /* DDLogMacros.h */,
				DDB02EC5C0A305D7BCFBB7B3299BBFAA /* DDMultiFormatter.h */,
				020F90E51D9B27213B78761E2CE38497 /* DDMultiFormatter.m */,
				589753FC2A7F2BCC25572F58C7AA147D /* DDOSLogger.h */,
				ACED3B0E2B3F3074FB24969D37EC2495 /* DDOSLogger.m */,
				4681F25E0AA86EA8D43BE23B1804E136 /* DDTTYLogger.h */,
				7E423A45817C8C70EEB795CDD0AB4CC5 /* DDTTYLogger.m */,
			);
			name = Core;
			sourceTree = "<group>";
		};
		E2638D529FCB319AF4D548ACC726FCA1 /* skpsmtpmessage */ = {
			isa = PBXGroup;
			children = (
				BC0D30FCB0049BE7585F5591F3EF22CE /* Base64Transcoder.h */,
				5C20319BFC2EF6F400B1222831C3A6E2 /* Base64Transcoder.m */,
				E07667B91AD15DD4751E6EA4D02BA1C1 /* HSK_CFUtilities.h */,
				041E6DBDBC48B618602B5A23B06F031A /* HSK_CFUtilities.m */,
				27D9488CA15B9252A3CEBEEF51890499 /* NSData+Base64Additions.h */,
				D8E88EC940339312F976003DE024FF85 /* NSData+Base64Additions.m */,
				559083A8A4B7C2B1BB1C4B39AA0C9D7E /* NSStream+SKPSMTPExtensions.h */,
				1AFD67948F308AD0BFE1DD1E6D95FCFC /* NSStream+SKPSMTPExtensions.m */,
				841B4537A8A6A6FEE9F3B6B38647B687 /* SKPSMTPMessage.h */,
				E3B610DEF5015970723A95583004291E /* SKPSMTPMessage.m */,
				36D9CDC639599F4BCB1960FFD1281BC5 /* Support Files */,
			);
			name = skpsmtpmessage;
			path = skpsmtpmessage;
			sourceTree = "<group>";
		};
		E2EF5BCCF66CF58544D982A96D4923BE /* Pod */ = {
			isa = PBXGroup;
			children = (
				B3B7FD80C3CF3C76D539FA251C822B72 /* LICENSE */,
				012B3E692B54919BC90B28F1DD74D25C /* LWLogger.podspec */,
				489892F3958D0B0B3A3476A0132E9E71 /* README.md */,
			);
			name = Pod;
			sourceTree = "<group>";
		};
		EA1C02D1F9FF231D36D6F770CFC29FE7 /* Frameworks */ = {
			isa = PBXGroup;
			children = (
				4532E9D0358F7266748E0684506761C1 /* CocoaLumberjack.framework */,
				D9032EF2482D2393F677810DA66DED4F /* skpsmtpmessage.framework */,
				6B752F2E1708A0E1046795FDE6E6987A /* ZipArchive.framework */,
				31C01EA07C9D95054E41C7EC3AC8B5AF /* iOS */,
			);
			name = Frameworks;
			sourceTree = "<group>";
		};
/* End PBXGroup section */

/* Begin PBXHeadersBuildPhase section */
		2214EAF7C507D74A8ADD5B3BA932C70D /* Headers */ = {
			isa = PBXHeadersBuildPhase;
			buildActionMask = 2147483647;
			files = (
				9E435C2626BBBA951832280C353E6FB8 /* LWLogger-umbrella.h in Headers */,
				3F31A4353BE194E814618851968DC0FC /* LWLogger.h in Headers */,
				23176EF29E146805F2EBC3A6BEA50557 /* LWLogUtil.h in Headers */,
			);
			runOnlyForDeploymentPostprocessing = 0;
		};
		2E4E539A0750834EA6DD84CFF8D19E5B /* Headers */ = {
			isa = PBXHeadersBuildPhase;
			buildActionMask = 2147483647;
			files = (
				E05481DC19B3F3A976D7CCF816589C27 /* Base64Transcoder.h in Headers */,
				3935CB7F70E5BA108A8F51C37757187F /* HSK_CFUtilities.h in Headers */,
				9ADA3B2FA67C7F93CBF355E9F342DCAD /* NSData+Base64Additions.h in Headers */,
				C0AFC736502CEF1A326319863ED7367F /* NSStream+SKPSMTPExtensions.h in Headers */,
				12603BCEDA5A04703EFCB64CD081D05C /* skpsmtpmessage-umbrella.h in Headers */,
				62369DF94B2AE2C87F34A6AE146EA8F3 /* SKPSMTPMessage.h in Headers */,
			);
			runOnlyForDeploymentPostprocessing = 0;
		};
		4554224B9FA7897EF1D7D15BF5DF8EA3 /* Headers */ = {
			isa = PBXHeadersBuildPhase;
			buildActionMask = 2147483647;
			files = (
				A7926C116969A6DBFBAA520AFC697C46 /* CLIColor.h in Headers */,
				101465200B9E75566717D74C47C8C23C /* CocoaLumberjack-umbrella.h in Headers */,
				BB9B358A52C1B10E5F070C1FF510BD00 /* CocoaLumberjack.h in Headers */,
				415C68747EA309DA188D39157DA55455 /* DDAbstractDatabaseLogger.h in Headers */,
				95C4DFEF31D9F987088346B390A16C9F /* DDASLLogCapture.h in Headers */,
				BBD3C0BC7D7FF5FC2B64D98E11619926 /* DDASLLogger.h in Headers */,
				60B568966AF6F5F42356857D61ED4F59 /* DDAssertMacros.h in Headers */,
				87386B6CE13C54F32CC29CD63B858270 /* DDContextFilterLogFormatter.h in Headers */,
				B98CA903993FE413E712E7A52770FA2C /* DDDispatchQueueLogFormatter.h in Headers */,
				08D54B51A9700B1868E00A9357F93B53 /* DDFileLogger+Buffering.h in Headers */,
				3EFB8F7DD73F9DD10EF4C7355E6E06F9 /* DDFileLogger+Internal.h in Headers */,
				FFB14A4D1F3FC6BA1EF5BB01E651A405 /* DDFileLogger.h in Headers */,
				3E7ABBBD41788B7C28A8B0DF05FB9502 /* DDLegacyMacros.h in Headers */,
				6A8847BCAA82563ADE73A27DF722664D /* DDLog+LOGV.h in Headers */,
				4E7CA7D22B0F31014C4910E199FF5B57 /* DDLog.h in Headers */,
				6FF1A90BD4E6B825FD6A05D400E80DDA /* DDLoggerNames.h in Headers */,
				20D0F3210EC338BAD22EF28EEDADB465 /* DDLogMacros.h in Headers */,
				B09F7493D2F7AF2596EE81511AFF6963 /* DDMultiFormatter.h in Headers */,
				BA32E42413AC6C1ABB8F34414A6714B7 /* DDOSLogger.h in Headers */,
				579B9CA6D39E78453FA3144E25F7184A /* DDTTYLogger.h in Headers */,
			);
			runOnlyForDeploymentPostprocessing = 0;
		};
		5B51F5064315A37906E468FF7B0EADE8 /* Headers */ = {
			isa = PBXHeadersBuildPhase;
			buildActionMask = 2147483647;
			files = (
				90803C6B01AA6D56644890CD98176862 /* crypt.h in Headers */,
				217EC8F4F64D5A5FF2935104DF496C5A /* ioapi.h in Headers */,
				0160E3466E824A4E89081324E7933987 /* mztools.h in Headers */,
				6762B04FA40B7DFD2944C7A828E2EFAA /* unzip.h in Headers */,
				D677CAB7E02C0FD1A0C567C4A6945250 /* zip.h in Headers */,
				DE3006DEECFEB36EFEAD973110B1563A /* ZipArchive-umbrella.h in Headers */,
				1E5FC03AB655B293292387CEAC5BF90F /* ZipArchive.h in Headers */,
			);
			runOnlyForDeploymentPostprocessing = 0;
		};
		7ADA52DC95270F26F1C34343FEB3F31D /* Headers */ = {
			isa = PBXHeadersBuildPhase;
			buildActionMask = 2147483647;
			files = (
				3AE33091F307BBC7628A5D1191F0EA06 /* Pods-LWLogger_Example-umbrella.h in Headers */,
			);
			runOnlyForDeploymentPostprocessing = 0;
		};
/* End PBXHeadersBuildPhase section */

/* Begin PBXNativeTarget section */
		1AC472BBD0D9C7039BC00CBDE1EC859F /* skpsmtpmessage */ = {
			isa = PBXNativeTarget;
			buildConfigurationList = 223B9D3BD3DA1C1F40411056D138DE3E /* Build configuration list for PBXNativeTarget "skpsmtpmessage" */;
			buildPhases = (
				2E4E539A0750834EA6DD84CFF8D19E5B /* Headers */,
				53D32EF2C2DA8DA288BC8212D9F096B8 /* Sources */,
				DD718FC943FEF706986C608F564B553E /* Frameworks */,
				BAC55446E5D484010475AB634AF80658 /* Resources */,
			);
			buildRules = (
			);
			dependencies = (
			);
			name = skpsmtpmessage;
			productName = skpsmtpmessage;
			productReference = CCA9E0E40C44D953957CA7FC7C608F56 /* skpsmtpmessage.framework */;
			productType = "com.apple.product-type.framework";
		};
		70A26F806B42FB58C3465C4DFB3FC659 /* Pods-LWLogger_Example */ = {
			isa = PBXNativeTarget;
			buildConfigurationList = DE94D04DD0771F15517BA724AA89F0BB /* Build configuration list for PBXNativeTarget "Pods-LWLogger_Example" */;
			buildPhases = (
				7ADA52DC95270F26F1C34343FEB3F31D /* Headers */,
				3273AFD585E7A8B61EB6B8458FC52FFA /* Sources */,
				88289A1E01CE4111A94DACA2AAF01EB8 /* Frameworks */,
				10DCE64DFA55B46BA3A3B63D4671FA7E /* Resources */,
			);
			buildRules = (
			);
			dependencies = (
				02EE394F1FE74ACBB48FB1A30262A8D0 /* PBXTargetDependency */,
				3E64DA6E089E4EE951BF0BDA83F9E97A /* PBXTargetDependency */,
				D8564E80957489D1F6586C63584E2E3D /* PBXTargetDependency */,
				ECEB3817527CDB4F67CBF1E1E6785AD9 /* PBXTargetDependency */,
			);
			name = "Pods-LWLogger_Example";
			productName = "Pods-LWLogger_Example";
			productReference = B9DFB559C9DC77B409405F1DF1B7CB64 /* Pods_LWLogger_Example.framework */;
			productType = "com.apple.product-type.framework";
		};
		8EBBCD2ED91CBB7653A936580705F26D /* ZipArchive */ = {
			isa = PBXNativeTarget;
			buildConfigurationList = EFF59DF413917B0E9DC316B1AA95D5D2 /* Build configuration list for PBXNativeTarget "ZipArchive" */;
			buildPhases = (
				5B51F5064315A37906E468FF7B0EADE8 /* Headers */,
				C5B37EEAD8E1E8CA9B731382E7CA57B4 /* Sources */,
				8AB10498A974AA59841C4F8DE6F207E3 /* Frameworks */,
				FB33A7BDEBEE6C238C0B92EDCC16411A /* Resources */,
			);
			buildRules = (
			);
			dependencies = (
			);
			name = ZipArchive;
			productName = ZipArchive;
			productReference = DAFC4FBA3B95C5E9D5CBFC260AA08804 /* ZipArchive.framework */;
			productType = "com.apple.product-type.framework";
		};
		B88CAF506F33E57E47B5E47CF86668FE /* LWLogger */ = {
			isa = PBXNativeTarget;
			buildConfigurationList = FFAEA138FCA1E6F61E3C852AFA9B6F4E /* Build configuration list for PBXNativeTarget "LWLogger" */;
			buildPhases = (
				2214EAF7C507D74A8ADD5B3BA932C70D /* Headers */,
				F3C9E7A8C66B99C14D7AC580637E21B4 /* Sources */,
				397A4F2291CA1577C4EEC190577610BE /* Frameworks */,
				236F5C81980E0A3F2F1EB3AF45A5C599 /* Resources */,
			);
			buildRules = (
			);
			dependencies = (
				EC46C3079CBA271C6CDFB10E303593D6 /* PBXTargetDependency */,
				C036919F47EA09DB58038CF58EC01C1C /* PBXTargetDependency */,
				32BDF34E3CC9294B8F39F41C14A88F65 /* PBXTargetDependency */,
			);
			name = LWLogger;
			productName = LWLogger;
			productReference = F2E4A61740F972B881780E2D7826C4E5 /* LWLogger.framework */;
			productType = "com.apple.product-type.framework";
		};
		E95654B155D25890BE8E26081FCA8265 /* CocoaLumberjack */ = {
			isa = PBXNativeTarget;
			buildConfigurationList = 5727A21D83A3F5362D7F996DE500B1C5 /* Build configuration list for PBXNativeTarget "CocoaLumberjack" */;
			buildPhases = (
				4554224B9FA7897EF1D7D15BF5DF8EA3 /* Headers */,
				3239F7282B82E7660FC9B7FD448943A4 /* Sources */,
				85D130C890A41EE223A85B2F59D220E9 /* Frameworks */,
				4D48F20BFCD11090A2F2DDBCB0781951 /* Resources */,
			);
			buildRules = (
			);
			dependencies = (
			);
			name = CocoaLumberjack;
			productName = CocoaLumberjack;
			productReference = C261436D14052AE3C35F240BCD155CAC /* CocoaLumberjack.framework */;
			productType = "com.apple.product-type.framework";
		};
/* End PBXNativeTarget section */

/* Begin PBXProject section */
		BFDFE7DC352907FC980B868725387E98 /* Project object */ = {
			isa = PBXProject;
			attributes = {
				LastSwiftUpdateCheck = 1100;
				LastUpgradeCheck = 1100;
			};
			buildConfigurationList = 4821239608C13582E20E6DA73FD5F1F9 /* Build configuration list for PBXProject "Pods" */;
			compatibilityVersion = "Xcode 3.2";
			developmentRegion = en;
			hasScannedForEncodings = 0;
			knownRegions = (
				en,
			);
			mainGroup = CF1408CF629C7361332E53B88F7BD30C;
			productRefGroup = 2706AD1833F0DB74978E9280D5B6E767 /* Products */;
			projectDirPath = "";
			projectRoot = "";
			targets = (
				E95654B155D25890BE8E26081FCA8265 /* CocoaLumberjack */,
				B88CAF506F33E57E47B5E47CF86668FE /* LWLogger */,
				70A26F806B42FB58C3465C4DFB3FC659 /* Pods-LWLogger_Example */,
				1AC472BBD0D9C7039BC00CBDE1EC859F /* skpsmtpmessage */,
				8EBBCD2ED91CBB7653A936580705F26D /* ZipArchive */,
			);
		};
/* End PBXProject section */

/* Begin PBXResourcesBuildPhase section */
		10DCE64DFA55B46BA3A3B63D4671FA7E /* Resources */ = {
			isa = PBXResourcesBuildPhase;
			buildActionMask = 2147483647;
			files = (
			);
			runOnlyForDeploymentPostprocessing = 0;
		};
		236F5C81980E0A3F2F1EB3AF45A5C599 /* Resources */ = {
			isa = PBXResourcesBuildPhase;
			buildActionMask = 2147483647;
			files = (
			);
			runOnlyForDeploymentPostprocessing = 0;
		};
		4D48F20BFCD11090A2F2DDBCB0781951 /* Resources */ = {
			isa = PBXResourcesBuildPhase;
			buildActionMask = 2147483647;
			files = (
			);
			runOnlyForDeploymentPostprocessing = 0;
		};
		BAC55446E5D484010475AB634AF80658 /* Resources */ = {
			isa = PBXResourcesBuildPhase;
			buildActionMask = 2147483647;
			files = (
			);
			runOnlyForDeploymentPostprocessing = 0;
		};
		FB33A7BDEBEE6C238C0B92EDCC16411A /* Resources */ = {
			isa = PBXResourcesBuildPhase;
			buildActionMask = 2147483647;
			files = (
			);
			runOnlyForDeploymentPostprocessing = 0;
		};
/* End PBXResourcesBuildPhase section */

/* Begin PBXSourcesBuildPhase section */
		3239F7282B82E7660FC9B7FD448943A4 /* Sources */ = {
			isa = PBXSourcesBuildPhase;
			buildActionMask = 2147483647;
			files = (
				1C69814D109D97A28881862F99829B26 /* CLIColor.m in Sources */,
				C850C5D3C65957F0C0082BB29EB326DB /* CocoaLumberjack-dummy.m in Sources */,
				D370716608CD404EDA6487F5264002FD /* DDAbstractDatabaseLogger.m in Sources */,
				7967FD59CDA64B71214B2B7086A2D826 /* DDASLLogCapture.m in Sources */,
				BEF4EBB577934FFA17716D47F8D5B986 /* DDASLLogger.m in Sources */,
				DB561750F6030F814BABE2694D2632F7 /* DDContextFilterLogFormatter.m in Sources */,
				43601DAA266A0A83F75A00F8B2FD0DAD /* DDDispatchQueueLogFormatter.m in Sources */,
				BD85D48B0030454BF097117510DF7976 /* DDFileLogger+Buffering.m in Sources */,
				77BAF52973EDCED65930ECC9CA457909 /* DDFileLogger.m in Sources */,
				EC79C1A05D55E06F6DF37EE11BECDD0B /* DDLog.m in Sources */,
				E38B9E6C920456080C1391926FC7F6D3 /* DDLoggerNames.m in Sources */,
				B6339A6886F35C46786C8743064A7893 /* DDMultiFormatter.m in Sources */,
				9D64946B73901B783770885B34728DA2 /* DDOSLogger.m in Sources */,
				7E9CBBBCCF63562059972A93C224F804 /* DDTTYLogger.m in Sources */,
			);
			runOnlyForDeploymentPostprocessing = 0;
		};
		3273AFD585E7A8B61EB6B8458FC52FFA /* Sources */ = {
			isa = PBXSourcesBuildPhase;
			buildActionMask = 2147483647;
			files = (
				FD1CC6D8F15E5CD3CFF8B1472F9BF68D /* Pods-LWLogger_Example-dummy.m in Sources */,
			);
			runOnlyForDeploymentPostprocessing = 0;
		};
		53D32EF2C2DA8DA288BC8212D9F096B8 /* Sources */ = {
			isa = PBXSourcesBuildPhase;
			buildActionMask = 2147483647;
			files = (
				D4781A8ADBE608B2627BD55B2251E86E /* Base64Transcoder.m in Sources */,
				45D702CE4EF5F4F03C0AB3B68994CADE /* HSK_CFUtilities.m in Sources */,
				24FBFCD104EB64FDABADC749815E1F17 /* NSData+Base64Additions.m in Sources */,
				29A3C9590DBF6A456BE1FA373E225C65 /* NSStream+SKPSMTPExtensions.m in Sources */,
				8E7B36F1A58281FCAB4CEFC322875870 /* skpsmtpmessage-dummy.m in Sources */,
				DC8CB62AEDBA69DDB8B1AEBDEA25C96C /* SKPSMTPMessage.m in Sources */,
			);
			runOnlyForDeploymentPostprocessing = 0;
		};
		C5B37EEAD8E1E8CA9B731382E7CA57B4 /* Sources */ = {
			isa = PBXSourcesBuildPhase;
			buildActionMask = 2147483647;
			files = (
				1958586D4C72E9FFB6FCC5A0A8F99CCB /* ioapi.c in Sources */,
				9C1453EEE3A66B65CC5D626C52588758 /* mztools.c in Sources */,
				E03FCE7560A36207C33C6C6917191E4E /* unzip.c in Sources */,
				6A6A21A67B5030BDA62154C88FFC3B22 /* zip.c in Sources */,
				20BEF4F4AE5CF4B1EEB2612DB9B95F77 /* ZipArchive-dummy.m in Sources */,
				CD93BA3971EEE2770DB11882B9E2B31E /* ZipArchive.m in Sources */,
			);
			runOnlyForDeploymentPostprocessing = 0;
		};
		F3C9E7A8C66B99C14D7AC580637E21B4 /* Sources */ = {
			isa = PBXSourcesBuildPhase;
			buildActionMask = 2147483647;
			files = (
				C19260515920C71612AA687D632E94CA /* LWLogger-dummy.m in Sources */,
				4342DE62B479BFE98747D7F72C09629C /* LWLogUtil.m in Sources */,
			);
			runOnlyForDeploymentPostprocessing = 0;
		};
/* End PBXSourcesBuildPhase section */

/* Begin PBXTargetDependency section */
		02EE394F1FE74ACBB48FB1A30262A8D0 /* PBXTargetDependency */ = {
			isa = PBXTargetDependency;
			name = CocoaLumberjack;
			target = E95654B155D25890BE8E26081FCA8265 /* CocoaLumberjack */;
			targetProxy = 9BDCBF4BF5645FE021E1D245C2AE7FC1 /* PBXContainerItemProxy */;
		};
		32BDF34E3CC9294B8F39F41C14A88F65 /* PBXTargetDependency */ = {
			isa = PBXTargetDependency;
			name = skpsmtpmessage;
			target = 1AC472BBD0D9C7039BC00CBDE1EC859F /* skpsmtpmessage */;
			targetProxy = D60585C86CCD175BCC4BD14011AD13E6 /* PBXContainerItemProxy */;
		};
		3E64DA6E089E4EE951BF0BDA83F9E97A /* PBXTargetDependency */ = {
			isa = PBXTargetDependency;
			name = LWLogger;
			target = B88CAF506F33E57E47B5E47CF86668FE /* LWLogger */;
			targetProxy = 5B7295B14A01B2EB12E972F192995AFA /* PBXContainerItemProxy */;
		};
		C036919F47EA09DB58038CF58EC01C1C /* PBXTargetDependency */ = {
			isa = PBXTargetDependency;
			name = ZipArchive;
			target = 8EBBCD2ED91CBB7653A936580705F26D /* ZipArchive */;
			targetProxy = 94D16A3884F2038227F2997EC1184C08 /* PBXContainerItemProxy */;
		};
		D8564E80957489D1F6586C63584E2E3D /* PBXTargetDependency */ = {
			isa = PBXTargetDependency;
			name = ZipArchive;
			target = 8EBBCD2ED91CBB7653A936580705F26D /* ZipArchive */;
			targetProxy = EA8DD0FD1B521713963735FDA45BBF21 /* PBXContainerItemProxy */;
		};
		EC46C3079CBA271C6CDFB10E303593D6 /* PBXTargetDependency */ = {
			isa = PBXTargetDependency;
			name = CocoaLumberjack;
			target = E95654B155D25890BE8E26081FCA8265 /* CocoaLumberjack */;
			targetProxy = 3AF7E9D222D9F217370DB2049E86C392 /* PBXContainerItemProxy */;
		};
		ECEB3817527CDB4F67CBF1E1E6785AD9 /* PBXTargetDependency */ = {
			isa = PBXTargetDependency;
			name = skpsmtpmessage;
			target = 1AC472BBD0D9C7039BC00CBDE1EC859F /* skpsmtpmessage */;
			targetProxy = D3E65C9C517FBFFB0D9A1057B43BE508 /* PBXContainerItemProxy */;
		};
/* End PBXTargetDependency section */

/* Begin XCBuildConfiguration section */
		1FFD565C3403D1C77322AB6039F1F23C /* Release */ = {
			isa = XCBuildConfiguration;
			baseConfigurationReference = A07349F076D150F476C2EF4629D32AAB /* ZipArchive.xcconfig */;
			buildSettings = {
				CODE_SIGN_IDENTITY = "";
				"CODE_SIGN_IDENTITY[sdk=appletvos*]" = "";
				"CODE_SIGN_IDENTITY[sdk=iphoneos*]" = "";
				"CODE_SIGN_IDENTITY[sdk=watchos*]" = "";
				CURRENT_PROJECT_VERSION = 1;
				DEFINES_MODULE = YES;
				DYLIB_COMPATIBILITY_VERSION = 1;
				DYLIB_CURRENT_VERSION = 1;
				DYLIB_INSTALL_NAME_BASE = "@rpath";
				GCC_PREFIX_HEADER = "Target Support Files/ZipArchive/ZipArchive-prefix.pch";
				INFOPLIST_FILE = "Target Support Files/ZipArchive/ZipArchive-Info.plist";
				INSTALL_PATH = "$(LOCAL_LIBRARY_DIR)/Frameworks";
				IPHONEOS_DEPLOYMENT_TARGET = 8.0;
				LD_RUNPATH_SEARCH_PATHS = "$(inherited) @executable_path/Frameworks @loader_path/Frameworks";
				MODULEMAP_FILE = "Target Support Files/ZipArchive/ZipArchive.modulemap";
				PRODUCT_MODULE_NAME = ZipArchive;
				PRODUCT_NAME = ZipArchive;
				SDKROOT = iphoneos;
				SKIP_INSTALL = YES;
				SWIFT_ACTIVE_COMPILATION_CONDITIONS = "$(inherited) ";
				SWIFT_VERSION = 4.0;
				TARGETED_DEVICE_FAMILY = "1,2";
				VALIDATE_PRODUCT = YES;
				VERSIONING_SYSTEM = "apple-generic";
				VERSION_INFO_PREFIX = "";
			};
			name = Release;
		};
		2CD2F1858F8316DE0ACDB33A10144650 /* Release */ = {
			isa = XCBuildConfiguration;
			baseConfigurationReference = 02AF3FE5F598CCD9FE22D441DEF17259 /* Pods-LWLogger_Example.release.xcconfig */;
			buildSettings = {
				ALWAYS_EMBED_SWIFT_STANDARD_LIBRARIES = NO;
				CODE_SIGN_IDENTITY = "";
				"CODE_SIGN_IDENTITY[sdk=appletvos*]" = "";
				"CODE_SIGN_IDENTITY[sdk=iphoneos*]" = "";
				"CODE_SIGN_IDENTITY[sdk=watchos*]" = "";
				CURRENT_PROJECT_VERSION = 1;
				DEFINES_MODULE = YES;
				DYLIB_COMPATIBILITY_VERSION = 1;
				DYLIB_CURRENT_VERSION = 1;
				DYLIB_INSTALL_NAME_BASE = "@rpath";
				INFOPLIST_FILE = "Target Support Files/Pods-LWLogger_Example/Pods-LWLogger_Example-Info.plist";
				INSTALL_PATH = "$(LOCAL_LIBRARY_DIR)/Frameworks";
				IPHONEOS_DEPLOYMENT_TARGET = 8.0;
				LD_RUNPATH_SEARCH_PATHS = "$(inherited) @executable_path/Frameworks @loader_path/Frameworks";
				MACH_O_TYPE = staticlib;
				MODULEMAP_FILE = "Target Support Files/Pods-LWLogger_Example/Pods-LWLogger_Example.modulemap";
				OTHER_LDFLAGS = "";
				OTHER_LIBTOOLFLAGS = "";
				PODS_ROOT = "$(SRCROOT)";
				PRODUCT_BUNDLE_IDENTIFIER = "org.cocoapods.${PRODUCT_NAME:rfc1034identifier}";
				PRODUCT_NAME = "$(TARGET_NAME:c99extidentifier)";
				SDKROOT = iphoneos;
				SKIP_INSTALL = YES;
				TARGETED_DEVICE_FAMILY = "1,2";
				VALIDATE_PRODUCT = YES;
				VERSIONING_SYSTEM = "apple-generic";
				VERSION_INFO_PREFIX = "";
			};
			name = Release;
		};
		3A63D4444D72C6C1094001C92FE255A4 /* Debug */ = {
			isa = XCBuildConfiguration;
			baseConfigurationReference = 25BF172344AEE6B113560D7A2094D653 /* CocoaLumberjack.xcconfig */;
			buildSettings = {
				CODE_SIGN_IDENTITY = "";
				"CODE_SIGN_IDENTITY[sdk=appletvos*]" = "";
				"CODE_SIGN_IDENTITY[sdk=iphoneos*]" = "";
				"CODE_SIGN_IDENTITY[sdk=watchos*]" = "";
				CURRENT_PROJECT_VERSION = 1;
				DEFINES_MODULE = YES;
				DYLIB_COMPATIBILITY_VERSION = 1;
				DYLIB_CURRENT_VERSION = 1;
				DYLIB_INSTALL_NAME_BASE = "@rpath";
				GCC_PREFIX_HEADER = "Target Support Files/CocoaLumberjack/CocoaLumberjack-prefix.pch";
				INFOPLIST_FILE = "Target Support Files/CocoaLumberjack/CocoaLumberjack-Info.plist";
				INSTALL_PATH = "$(LOCAL_LIBRARY_DIR)/Frameworks";
				IPHONEOS_DEPLOYMENT_TARGET = 8.0;
				LD_RUNPATH_SEARCH_PATHS = "$(inherited) @executable_path/Frameworks @loader_path/Frameworks";
				MODULEMAP_FILE = "Target Support Files/CocoaLumberjack/CocoaLumberjack.modulemap";
				PRODUCT_MODULE_NAME = CocoaLumberjack;
				PRODUCT_NAME = CocoaLumberjack;
				SDKROOT = iphoneos;
				SKIP_INSTALL = YES;
				SWIFT_ACTIVE_COMPILATION_CONDITIONS = "$(inherited) ";
				SWIFT_VERSION = 5.0;
				TARGETED_DEVICE_FAMILY = "1,2";
				VERSIONING_SYSTEM = "apple-generic";
				VERSION_INFO_PREFIX = "";
			};
			name = Debug;
		};
		4BE66A09A74FD25164AAB3C2645B9B93 /* Release */ = {
			isa = XCBuildConfiguration;
			buildSettings = {
				ALWAYS_SEARCH_USER_PATHS = NO;
				CLANG_ANALYZER_NONNULL = YES;
				CLANG_ANALYZER_NUMBER_OBJECT_CONVERSION = YES_AGGRESSIVE;
				CLANG_CXX_LANGUAGE_STANDARD = "gnu++14";
				CLANG_CXX_LIBRARY = "libc++";
				CLANG_ENABLE_MODULES = YES;
				CLANG_ENABLE_OBJC_ARC = YES;
				CLANG_ENABLE_OBJC_WEAK = YES;
				CLANG_WARN_BLOCK_CAPTURE_AUTORELEASING = YES;
				CLANG_WARN_BOOL_CONVERSION = YES;
				CLANG_WARN_COMMA = YES;
				CLANG_WARN_CONSTANT_CONVERSION = YES;
				CLANG_WARN_DEPRECATED_OBJC_IMPLEMENTATIONS = YES;
				CLANG_WARN_DIRECT_OBJC_ISA_USAGE = YES_ERROR;
				CLANG_WARN_DOCUMENTATION_COMMENTS = YES;
				CLANG_WARN_EMPTY_BODY = YES;
				CLANG_WARN_ENUM_CONVERSION = YES;
				CLANG_WARN_INFINITE_RECURSION = YES;
				CLANG_WARN_INT_CONVERSION = YES;
				CLANG_WARN_NON_LITERAL_NULL_CONVERSION = YES;
				CLANG_WARN_OBJC_IMPLICIT_RETAIN_SELF = YES;
				CLANG_WARN_OBJC_LITERAL_CONVERSION = YES;
				CLANG_WARN_OBJC_ROOT_CLASS = YES_ERROR;
				CLANG_WARN_RANGE_LOOP_ANALYSIS = YES;
				CLANG_WARN_STRICT_PROTOTYPES = YES;
				CLANG_WARN_SUSPICIOUS_MOVE = YES;
				CLANG_WARN_UNGUARDED_AVAILABILITY = YES_AGGRESSIVE;
				CLANG_WARN_UNREACHABLE_CODE = YES;
				CLANG_WARN__DUPLICATE_METHOD_MATCH = YES;
				COPY_PHASE_STRIP = NO;
				DEBUG_INFORMATION_FORMAT = "dwarf-with-dsym";
				ENABLE_NS_ASSERTIONS = NO;
				ENABLE_STRICT_OBJC_MSGSEND = YES;
				GCC_C_LANGUAGE_STANDARD = gnu11;
				GCC_NO_COMMON_BLOCKS = YES;
				GCC_PREPROCESSOR_DEFINITIONS = (
					"POD_CONFIGURATION_RELEASE=1",
					"$(inherited)",
				);
				GCC_WARN_64_TO_32_BIT_CONVERSION = YES;
				GCC_WARN_ABOUT_RETURN_TYPE = YES_ERROR;
				GCC_WARN_UNDECLARED_SELECTOR = YES;
				GCC_WARN_UNINITIALIZED_AUTOS = YES_AGGRESSIVE;
				GCC_WARN_UNUSED_FUNCTION = YES;
				GCC_WARN_UNUSED_VARIABLE = YES;
				IPHONEOS_DEPLOYMENT_TARGET = 8.0;
				MTL_ENABLE_DEBUG_INFO = NO;
				MTL_FAST_MATH = YES;
				PRODUCT_NAME = "$(TARGET_NAME)";
				STRIP_INSTALLED_PRODUCT = NO;
				SWIFT_COMPILATION_MODE = wholemodule;
				SWIFT_OPTIMIZATION_LEVEL = "-O";
				SWIFT_VERSION = 5.0;
				SYMROOT = "${SRCROOT}/../build";
			};
			name = Release;
		};
		66EB3DA4E5BE2899624BAE7A98A1904D /* Release */ = {
			isa = XCBuildConfiguration;
			baseConfigurationReference = 0A43E40A6AD6A95CCC5BCB226A1C8DB1 /* skpsmtpmessage.xcconfig */;
			buildSettings = {
				CODE_SIGN_IDENTITY = "";
				"CODE_SIGN_IDENTITY[sdk=appletvos*]" = "";
				"CODE_SIGN_IDENTITY[sdk=iphoneos*]" = "";
				"CODE_SIGN_IDENTITY[sdk=watchos*]" = "";
				CURRENT_PROJECT_VERSION = 1;
				DEFINES_MODULE = YES;
				DYLIB_COMPATIBILITY_VERSION = 1;
				DYLIB_CURRENT_VERSION = 1;
				DYLIB_INSTALL_NAME_BASE = "@rpath";
				GCC_PREFIX_HEADER = "Target Support Files/skpsmtpmessage/skpsmtpmessage-prefix.pch";
				INFOPLIST_FILE = "Target Support Files/skpsmtpmessage/skpsmtpmessage-Info.plist";
				INSTALL_PATH = "$(LOCAL_LIBRARY_DIR)/Frameworks";
				IPHONEOS_DEPLOYMENT_TARGET = 8.0;
				LD_RUNPATH_SEARCH_PATHS = "$(inherited) @executable_path/Frameworks @loader_path/Frameworks";
				MODULEMAP_FILE = "Target Support Files/skpsmtpmessage/skpsmtpmessage.modulemap";
				PRODUCT_MODULE_NAME = skpsmtpmessage;
				PRODUCT_NAME = skpsmtpmessage;
				SDKROOT = iphoneos;
				SKIP_INSTALL = YES;
				SWIFT_ACTIVE_COMPILATION_CONDITIONS = "$(inherited) ";
				SWIFT_VERSION = 4.0;
				TARGETED_DEVICE_FAMILY = "1,2";
				VALIDATE_PRODUCT = YES;
				VERSIONING_SYSTEM = "apple-generic";
				VERSION_INFO_PREFIX = "";
			};
			name = Release;
		};
		78ABBEF650587C6D1F2E4BAE17D338F6 /* Debug */ = {
			isa = XCBuildConfiguration;
			baseConfigurationReference = C8C856487AFBE482F8063AE51C1F4056 /* LWLogger.xcconfig */;
			buildSettings = {
				CODE_SIGN_IDENTITY = "";
				"CODE_SIGN_IDENTITY[sdk=appletvos*]" = "";
				"CODE_SIGN_IDENTITY[sdk=iphoneos*]" = "";
				"CODE_SIGN_IDENTITY[sdk=watchos*]" = "";
				CURRENT_PROJECT_VERSION = 1;
				DEFINES_MODULE = YES;
				DYLIB_COMPATIBILITY_VERSION = 1;
				DYLIB_CURRENT_VERSION = 1;
				DYLIB_INSTALL_NAME_BASE = "@rpath";
				GCC_PREFIX_HEADER = "Target Support Files/LWLogger/LWLogger-prefix.pch";
				INFOPLIST_FILE = "Target Support Files/LWLogger/LWLogger-Info.plist";
				INSTALL_PATH = "$(LOCAL_LIBRARY_DIR)/Frameworks";
				IPHONEOS_DEPLOYMENT_TARGET = 8.0;
				LD_RUNPATH_SEARCH_PATHS = "$(inherited) @executable_path/Frameworks @loader_path/Frameworks";
				MODULEMAP_FILE = "Target Support Files/LWLogger/LWLogger.modulemap";
				PRODUCT_MODULE_NAME = LWLogger;
				PRODUCT_NAME = LWLogger;
				SDKROOT = iphoneos;
				SKIP_INSTALL = YES;
				SWIFT_ACTIVE_COMPILATION_CONDITIONS = "$(inherited) ";
				SWIFT_VERSION = 4.0;
				TARGETED_DEVICE_FAMILY = "1,2";
				VERSIONING_SYSTEM = "apple-generic";
				VERSION_INFO_PREFIX = "";
			};
			name = Debug;
		};
		7EF7227D9B20A1D549000096ACCB23D7 /* Debug */ = {
			isa = XCBuildConfiguration;
			buildSettings = {
				ALWAYS_SEARCH_USER_PATHS = NO;
				CLANG_ANALYZER_NONNULL = YES;
				CLANG_ANALYZER_NUMBER_OBJECT_CONVERSION = YES_AGGRESSIVE;
				CLANG_CXX_LANGUAGE_STANDARD = "gnu++14";
				CLANG_CXX_LIBRARY = "libc++";
				CLANG_ENABLE_MODULES = YES;
				CLANG_ENABLE_OBJC_ARC = YES;
				CLANG_ENABLE_OBJC_WEAK = YES;
				CLANG_WARN_BLOCK_CAPTURE_AUTORELEASING = YES;
				CLANG_WARN_BOOL_CONVERSION = YES;
				CLANG_WARN_COMMA = YES;
				CLANG_WARN_CONSTANT_CONVERSION = YES;
				CLANG_WARN_DEPRECATED_OBJC_IMPLEMENTATIONS = YES;
				CLANG_WARN_DIRECT_OBJC_ISA_USAGE = YES_ERROR;
				CLANG_WARN_DOCUMENTATION_COMMENTS = YES;
				CLANG_WARN_EMPTY_BODY = YES;
				CLANG_WARN_ENUM_CONVERSION = YES;
				CLANG_WARN_INFINITE_RECURSION = YES;
				CLANG_WARN_INT_CONVERSION = YES;
				CLANG_WARN_NON_LITERAL_NULL_CONVERSION = YES;
				CLANG_WARN_OBJC_IMPLICIT_RETAIN_SELF = YES;
				CLANG_WARN_OBJC_LITERAL_CONVERSION = YES;
				CLANG_WARN_OBJC_ROOT_CLASS = YES_ERROR;
				CLANG_WARN_RANGE_LOOP_ANALYSIS = YES;
				CLANG_WARN_STRICT_PROTOTYPES = YES;
				CLANG_WARN_SUSPICIOUS_MOVE = YES;
				CLANG_WARN_UNGUARDED_AVAILABILITY = YES_AGGRESSIVE;
				CLANG_WARN_UNREACHABLE_CODE = YES;
				CLANG_WARN__DUPLICATE_METHOD_MATCH = YES;
				COPY_PHASE_STRIP = NO;
				DEBUG_INFORMATION_FORMAT = dwarf;
				ENABLE_STRICT_OBJC_MSGSEND = YES;
				ENABLE_TESTABILITY = YES;
				GCC_C_LANGUAGE_STANDARD = gnu11;
				GCC_DYNAMIC_NO_PIC = NO;
				GCC_NO_COMMON_BLOCKS = YES;
				GCC_OPTIMIZATION_LEVEL = 0;
				GCC_PREPROCESSOR_DEFINITIONS = (
					"POD_CONFIGURATION_DEBUG=1",
					"DEBUG=1",
					"$(inherited)",
				);
				GCC_WARN_64_TO_32_BIT_CONVERSION = YES;
				GCC_WARN_ABOUT_RETURN_TYPE = YES_ERROR;
				GCC_WARN_UNDECLARED_SELECTOR = YES;
				GCC_WARN_UNINITIALIZED_AUTOS = YES_AGGRESSIVE;
				GCC_WARN_UNUSED_FUNCTION = YES;
				GCC_WARN_UNUSED_VARIABLE = YES;
				IPHONEOS_DEPLOYMENT_TARGET = 8.0;
				MTL_ENABLE_DEBUG_INFO = INCLUDE_SOURCE;
				MTL_FAST_MATH = YES;
				ONLY_ACTIVE_ARCH = YES;
				PRODUCT_NAME = "$(TARGET_NAME)";
				STRIP_INSTALLED_PRODUCT = NO;
				SWIFT_ACTIVE_COMPILATION_CONDITIONS = DEBUG;
				SWIFT_OPTIMIZATION_LEVEL = "-Onone";
				SWIFT_VERSION = 5.0;
				SYMROOT = "${SRCROOT}/../build";
			};
			name = Debug;
		};
		9D4ABBC4CFEE156FFB697F3DD9E69DD0 /* Debug */ = {
			isa = XCBuildConfiguration;
			baseConfigurationReference = 0A43E40A6AD6A95CCC5BCB226A1C8DB1 /* skpsmtpmessage.xcconfig */;
			buildSettings = {
				CODE_SIGN_IDENTITY = "";
				"CODE_SIGN_IDENTITY[sdk=appletvos*]" = "";
				"CODE_SIGN_IDENTITY[sdk=iphoneos*]" = "";
				"CODE_SIGN_IDENTITY[sdk=watchos*]" = "";
				CURRENT_PROJECT_VERSION = 1;
				DEFINES_MODULE = YES;
				DYLIB_COMPATIBILITY_VERSION = 1;
				DYLIB_CURRENT_VERSION = 1;
				DYLIB_INSTALL_NAME_BASE = "@rpath";
				GCC_PREFIX_HEADER = "Target Support Files/skpsmtpmessage/skpsmtpmessage-prefix.pch";
				INFOPLIST_FILE = "Target Support Files/skpsmtpmessage/skpsmtpmessage-Info.plist";
				INSTALL_PATH = "$(LOCAL_LIBRARY_DIR)/Frameworks";
				IPHONEOS_DEPLOYMENT_TARGET = 8.0;
				LD_RUNPATH_SEARCH_PATHS = "$(inherited) @executable_path/Frameworks @loader_path/Frameworks";
				MODULEMAP_FILE = "Target Support Files/skpsmtpmessage/skpsmtpmessage.modulemap";
				PRODUCT_MODULE_NAME = skpsmtpmessage;
				PRODUCT_NAME = skpsmtpmessage;
				SDKROOT = iphoneos;
				SKIP_INSTALL = YES;
				SWIFT_ACTIVE_COMPILATION_CONDITIONS = "$(inherited) ";
				SWIFT_VERSION = 4.0;
				TARGETED_DEVICE_FAMILY = "1,2";
				VERSIONING_SYSTEM = "apple-generic";
				VERSION_INFO_PREFIX = "";
			};
			name = Debug;
		};
		D29129C300F99F1966AE3F0696368DF2 /* Debug */ = {
			isa = XCBuildConfiguration;
			baseConfigurationReference = A07349F076D150F476C2EF4629D32AAB /* ZipArchive.xcconfig */;
			buildSettings = {
				CODE_SIGN_IDENTITY = "";
				"CODE_SIGN_IDENTITY[sdk=appletvos*]" = "";
				"CODE_SIGN_IDENTITY[sdk=iphoneos*]" = "";
				"CODE_SIGN_IDENTITY[sdk=watchos*]" = "";
				CURRENT_PROJECT_VERSION = 1;
				DEFINES_MODULE = YES;
				DYLIB_COMPATIBILITY_VERSION = 1;
				DYLIB_CURRENT_VERSION = 1;
				DYLIB_INSTALL_NAME_BASE = "@rpath";
				GCC_PREFIX_HEADER = "Target Support Files/ZipArchive/ZipArchive-prefix.pch";
				INFOPLIST_FILE = "Target Support Files/ZipArchive/ZipArchive-Info.plist";
				INSTALL_PATH = "$(LOCAL_LIBRARY_DIR)/Frameworks";
				IPHONEOS_DEPLOYMENT_TARGET = 8.0;
				LD_RUNPATH_SEARCH_PATHS = "$(inherited) @executable_path/Frameworks @loader_path/Frameworks";
				MODULEMAP_FILE = "Target Support Files/ZipArchive/ZipArchive.modulemap";
				PRODUCT_MODULE_NAME = ZipArchive;
				PRODUCT_NAME = ZipArchive;
				SDKROOT = iphoneos;
				SKIP_INSTALL = YES;
				SWIFT_ACTIVE_COMPILATION_CONDITIONS = "$(inherited) ";
				SWIFT_VERSION = 4.0;
				TARGETED_DEVICE_FAMILY = "1,2";
				VERSIONING_SYSTEM = "apple-generic";
				VERSION_INFO_PREFIX = "";
			};
			name = Debug;
		};
		D82CDBC2EC9BB72554E9C0A2151016CA /* Release */ = {
			isa = XCBuildConfiguration;
			baseConfigurationReference = 25BF172344AEE6B113560D7A2094D653 /* CocoaLumberjack.xcconfig */;
			buildSettings = {
				CODE_SIGN_IDENTITY = "";
				"CODE_SIGN_IDENTITY[sdk=appletvos*]" = "";
				"CODE_SIGN_IDENTITY[sdk=iphoneos*]" = "";
				"CODE_SIGN_IDENTITY[sdk=watchos*]" = "";
				CURRENT_PROJECT_VERSION = 1;
				DEFINES_MODULE = YES;
				DYLIB_COMPATIBILITY_VERSION = 1;
				DYLIB_CURRENT_VERSION = 1;
				DYLIB_INSTALL_NAME_BASE = "@rpath";
				GCC_PREFIX_HEADER = "Target Support Files/CocoaLumberjack/CocoaLumberjack-prefix.pch";
				INFOPLIST_FILE = "Target Support Files/CocoaLumberjack/CocoaLumberjack-Info.plist";
				INSTALL_PATH = "$(LOCAL_LIBRARY_DIR)/Frameworks";
				IPHONEOS_DEPLOYMENT_TARGET = 8.0;
				LD_RUNPATH_SEARCH_PATHS = "$(inherited) @executable_path/Frameworks @loader_path/Frameworks";
				MODULEMAP_FILE = "Target Support Files/CocoaLumberjack/CocoaLumberjack.modulemap";
				PRODUCT_MODULE_NAME = CocoaLumberjack;
				PRODUCT_NAME = CocoaLumberjack;
				SDKROOT = iphoneos;
				SKIP_INSTALL = YES;
				SWIFT_ACTIVE_COMPILATION_CONDITIONS = "$(inherited) ";
				SWIFT_VERSION = 5.0;
				TARGETED_DEVICE_FAMILY = "1,2";
				VALIDATE_PRODUCT = YES;
				VERSIONING_SYSTEM = "apple-generic";
				VERSION_INFO_PREFIX = "";
			};
			name = Release;
		};
		E56A39CBEEE48BE95F8D0E41CFAD55DF /* Release */ = {
			isa = XCBuildConfiguration;
			baseConfigurationReference = C8C856487AFBE482F8063AE51C1F4056 /* LWLogger.xcconfig */;
			buildSettings = {
				CODE_SIGN_IDENTITY = "";
				"CODE_SIGN_IDENTITY[sdk=appletvos*]" = "";
				"CODE_SIGN_IDENTITY[sdk=iphoneos*]" = "";
				"CODE_SIGN_IDENTITY[sdk=watchos*]" = "";
				CURRENT_PROJECT_VERSION = 1;
				DEFINES_MODULE = YES;
				DYLIB_COMPATIBILITY_VERSION = 1;
				DYLIB_CURRENT_VERSION = 1;
				DYLIB_INSTALL_NAME_BASE = "@rpath";
				GCC_PREFIX_HEADER = "Target Support Files/LWLogger/LWLogger-prefix.pch";
				INFOPLIST_FILE = "Target Support Files/LWLogger/LWLogger-Info.plist";
				INSTALL_PATH = "$(LOCAL_LIBRARY_DIR)/Frameworks";
				IPHONEOS_DEPLOYMENT_TARGET = 8.0;
				LD_RUNPATH_SEARCH_PATHS = "$(inherited) @executable_path/Frameworks @loader_path/Frameworks";
				MODULEMAP_FILE = "Target Support Files/LWLogger/LWLogger.modulemap";
				PRODUCT_MODULE_NAME = LWLogger;
				PRODUCT_NAME = LWLogger;
				SDKROOT = iphoneos;
				SKIP_INSTALL = YES;
				SWIFT_ACTIVE_COMPILATION_CONDITIONS = "$(inherited) ";
				SWIFT_VERSION = 4.0;
				TARGETED_DEVICE_FAMILY = "1,2";
				VALIDATE_PRODUCT = YES;
				VERSIONING_SYSTEM = "apple-generic";
				VERSION_INFO_PREFIX = "";
			};
			name = Release;
		};
		F431BCD05F87DDD383CB381A047FAC48 /* Debug */ = {
			isa = XCBuildConfiguration;
			baseConfigurationReference = B5CCEC0C1BF5A35E7C0DD0BA81CBE77A /* Pods-LWLogger_Example.debug.xcconfig */;
			buildSettings = {
				ALWAYS_EMBED_SWIFT_STANDARD_LIBRARIES = NO;
				CODE_SIGN_IDENTITY = "";
				"CODE_SIGN_IDENTITY[sdk=appletvos*]" = "";
				"CODE_SIGN_IDENTITY[sdk=iphoneos*]" = "";
				"CODE_SIGN_IDENTITY[sdk=watchos*]" = "";
				CURRENT_PROJECT_VERSION = 1;
				DEFINES_MODULE = YES;
				DYLIB_COMPATIBILITY_VERSION = 1;
				DYLIB_CURRENT_VERSION = 1;
				DYLIB_INSTALL_NAME_BASE = "@rpath";
				INFOPLIST_FILE = "Target Support Files/Pods-LWLogger_Example/Pods-LWLogger_Example-Info.plist";
				INSTALL_PATH = "$(LOCAL_LIBRARY_DIR)/Frameworks";
				IPHONEOS_DEPLOYMENT_TARGET = 8.0;
				LD_RUNPATH_SEARCH_PATHS = "$(inherited) @executable_path/Frameworks @loader_path/Frameworks";
				MACH_O_TYPE = staticlib;
				MODULEMAP_FILE = "Target Support Files/Pods-LWLogger_Example/Pods-LWLogger_Example.modulemap";
				OTHER_LDFLAGS = "";
				OTHER_LIBTOOLFLAGS = "";
				PODS_ROOT = "$(SRCROOT)";
				PRODUCT_BUNDLE_IDENTIFIER = "org.cocoapods.${PRODUCT_NAME:rfc1034identifier}";
				PRODUCT_NAME = "$(TARGET_NAME:c99extidentifier)";
				SDKROOT = iphoneos;
				SKIP_INSTALL = YES;
				TARGETED_DEVICE_FAMILY = "1,2";
				VERSIONING_SYSTEM = "apple-generic";
				VERSION_INFO_PREFIX = "";
			};
			name = Debug;
		};
/* End XCBuildConfiguration section */

/* Begin XCConfigurationList section */
		223B9D3BD3DA1C1F40411056D138DE3E /* Build configuration list for PBXNativeTarget "skpsmtpmessage" */ = {
			isa = XCConfigurationList;
			buildConfigurations = (
				9D4ABBC4CFEE156FFB697F3DD9E69DD0 /* Debug */,
				66EB3DA4E5BE2899624BAE7A98A1904D /* Release */,
			);
			defaultConfigurationIsVisible = 0;
			defaultConfigurationName = Release;
		};
		4821239608C13582E20E6DA73FD5F1F9 /* Build configuration list for PBXProject "Pods" */ = {
			isa = XCConfigurationList;
			buildConfigurations = (
				7EF7227D9B20A1D549000096ACCB23D7 /* Debug */,
				4BE66A09A74FD25164AAB3C2645B9B93 /* Release */,
			);
			defaultConfigurationIsVisible = 0;
			defaultConfigurationName = Release;
		};
		5727A21D83A3F5362D7F996DE500B1C5 /* Build configuration list for PBXNativeTarget "CocoaLumberjack" */ = {
			isa = XCConfigurationList;
			buildConfigurations = (
				3A63D4444D72C6C1094001C92FE255A4 /* Debug */,
				D82CDBC2EC9BB72554E9C0A2151016CA /* Release */,
			);
			defaultConfigurationIsVisible = 0;
			defaultConfigurationName = Release;
		};
		DE94D04DD0771F15517BA724AA89F0BB /* Build configuration list for PBXNativeTarget "Pods-LWLogger_Example" */ = {
			isa = XCConfigurationList;
			buildConfigurations = (
				F431BCD05F87DDD383CB381A047FAC48 /* Debug */,
				2CD2F1858F8316DE0ACDB33A10144650 /* Release */,
			);
			defaultConfigurationIsVisible = 0;
			defaultConfigurationName = Release;
		};
		EFF59DF413917B0E9DC316B1AA95D5D2 /* Build configuration list for PBXNativeTarget "ZipArchive" */ = {
			isa = XCConfigurationList;
			buildConfigurations = (
				D29129C300F99F1966AE3F0696368DF2 /* Debug */,
				1FFD565C3403D1C77322AB6039F1F23C /* Release */,
			);
			defaultConfigurationIsVisible = 0;
			defaultConfigurationName = Release;
		};
		FFAEA138FCA1E6F61E3C852AFA9B6F4E /* Build configuration list for PBXNativeTarget "LWLogger" */ = {
			isa = XCConfigurationList;
			buildConfigurations = (
				78ABBEF650587C6D1F2E4BAE17D338F6 /* Debug */,
				E56A39CBEEE48BE95F8D0E41CFAD55DF /* Release */,
			);
			defaultConfigurationIsVisible = 0;
			defaultConfigurationName = Release;
		};
/* End XCConfigurationList section */
	};
	rootObject = BFDFE7DC352907FC980B868725387E98 /* Project object */;
}
